
Microsoft Visual Studio Solution File, Format Version 12.00
# Visual Studio Version 16
VisualStudioVersion = 16.0.29025.244
MinimumVisualStudioVersion = 10.0.40219.1
Project("{9A19103F-16F7-4668-BE54-9A1E7A4F7556}") = "Parser", "Parser\Parser.csproj", "{A46A5789-BCD2-4479-920C-D50842C877C7}"
EndProject
Project("{9A19103F-16F7-4668-BE54-9A1E7A4F7556}") = "Common", "Common\Common.csproj", "{BE96F7F7-02B9-4A6C-A273-3A592B9A1039}"
EndProject
Project("{9A19103F-16F7-4668-BE54-9A1E7A4F7556}") = "NomC", "NomC\NomC.csproj", "{53D99985-CFAA-4937-8E44-ECCD59005733}"
EndProject
Project("{8BC9CEB8-8B4A-11D0-8D11-00A0C91BC942}") = "Runtime", "Runtime\Runtime.vcxproj", "{4F140013-EABD-4CEA-929D-E9394EE5CAFA}"
EndProject
Project("{9A19103F-16F7-4668-BE54-9A1E7A4F7556}") = "Bytecode", "Bytecode\Bytecode.csproj", "{1DBBB811-8609-45A3-BD78-E5BABF6F3C9E}"
EndProject
Project("{9A19103F-16F7-4668-BE54-9A1E7A4F7556}") = "TypeChecker", "TypeChecker\TypeChecker.csproj", "{A3DD7521-412F-4BE3-A708-F45C24992689}"
EndProject
Project("{9A19103F-16F7-4668-BE54-9A1E7A4F7556}") = "Language", "Language\Language.csproj", "{63929C8E-B31E-4B9E-BA03-05E1711A10ED}"
EndProject
Project("{9A19103F-16F7-4668-BE54-9A1E7A4F7556}") = "BenchmarkGenerator", "BenchmarkGenerator\BenchmarkGenerator.csproj", "{B81A2D91-3471-4F04-97EA-DF19C4C5415B}"
EndProject
Project("{9A19103F-16F7-4668-BE54-9A1E7A4F7556}") = "NomProject", "NomProject\NomProject.csproj", "{AD24E9D7-446D-476E-B916-99CC8E9F004A}"
	ProjectSection(ProjectDependencies) = postProject
		{BE96F7F7-02B9-4A6C-A273-3A592B9A1039} = {BE96F7F7-02B9-4A6C-A273-3A592B9A1039}
	EndProjectSection
EndProject
Project("{8BC9CEB8-8B4A-11D0-8D11-00A0C91BC942}") = "MonNomStandardLibrary", "MonNomStandardLibrary\MonNomStandardLibrary.vcxproj", "{103F397F-52A2-41C1-8B7C-8A72E254F4D5}"
EndProject
Project("{8BC9CEB8-8B4A-11D0-8D11-00A0C91BC942}") = "MonNomCoreShared", "MonNomCoreShared\MonNomCoreShared.vcxitems", "{56CEA22F-10DC-45EA-A529-E1A67E1733C6}"
EndProject
Project("{8BC9CEB8-8B4A-11D0-8D11-00A0C91BC942}") = "MonNomCore", "MonNomCore\MonNomCore.vcxproj", "{4786A8F7-8935-4059-A323-8BEFEC2F1454}"
EndProject
Global
	GlobalSection(SharedMSBuildProjectFiles) = preSolution
		MonNomCoreShared\MonNomCoreShared.vcxitems*{4786a8f7-8935-4059-a323-8befec2f1454}*SharedItemsImports = 4
		MonNomCoreShared\MonNomCoreShared.vcxitems*{56cea22f-10dc-45ea-a529-e1a67e1733c6}*SharedItemsImports = 9
	EndGlobalSection
	GlobalSection(SolutionConfigurationPlatforms) = preSolution
		Debug|Any CPU = Debug|Any CPU
		Debug|x64 = Debug|x64
		Debug|x86 = Debug|x86
		Release|Any CPU = Release|Any CPU
		Release|x64 = Release|x64
		Release|x86 = Release|x86
		Release-MSVC|Any CPU = Release-MSVC|Any CPU
		Release-MSVC|x64 = Release-MSVC|x64
		Release-MSVC|x86 = Release-MSVC|x86
	EndGlobalSection
	GlobalSection(ProjectConfigurationPlatforms) = postSolution
		{A46A5789-BCD2-4479-920C-D50842C877C7}.Debug|Any CPU.ActiveCfg = Debug|Any CPU
		{A46A5789-BCD2-4479-920C-D50842C877C7}.Debug|Any CPU.Build.0 = Debug|Any CPU
		{A46A5789-BCD2-4479-920C-D50842C877C7}.Debug|x64.ActiveCfg = Debug|Any CPU
		{A46A5789-BCD2-4479-920C-D50842C877C7}.Debug|x64.Build.0 = Debug|Any CPU
		{A46A5789-BCD2-4479-920C-D50842C877C7}.Debug|x86.ActiveCfg = Debug|Any CPU
		{A46A5789-BCD2-4479-920C-D50842C877C7}.Debug|x86.Build.0 = Debug|Any CPU
		{A46A5789-BCD2-4479-920C-D50842C877C7}.Release|Any CPU.ActiveCfg = Release|Any CPU
		{A46A5789-BCD2-4479-920C-D50842C877C7}.Release|Any CPU.Build.0 = Release|Any CPU
		{A46A5789-BCD2-4479-920C-D50842C877C7}.Release|x64.ActiveCfg = Release|Any CPU
		{A46A5789-BCD2-4479-920C-D50842C877C7}.Release|x64.Build.0 = Release|Any CPU
		{A46A5789-BCD2-4479-920C-D50842C877C7}.Release|x86.ActiveCfg = Release|Any CPU
		{A46A5789-BCD2-4479-920C-D50842C877C7}.Release|x86.Build.0 = Release|Any CPU
		{A46A5789-BCD2-4479-920C-D50842C877C7}.Release-MSVC|Any CPU.ActiveCfg = Release-MSVC|Any CPU
		{A46A5789-BCD2-4479-920C-D50842C877C7}.Release-MSVC|Any CPU.Build.0 = Release-MSVC|Any CPU
		{A46A5789-BCD2-4479-920C-D50842C877C7}.Release-MSVC|x64.ActiveCfg = Release-MSVC|Any CPU
		{A46A5789-BCD2-4479-920C-D50842C877C7}.Release-MSVC|x64.Build.0 = Release-MSVC|Any CPU
		{A46A5789-BCD2-4479-920C-D50842C877C7}.Release-MSVC|x86.ActiveCfg = Release-MSVC|Any CPU
		{A46A5789-BCD2-4479-920C-D50842C877C7}.Release-MSVC|x86.Build.0 = Release-MSVC|Any CPU
		{BE96F7F7-02B9-4A6C-A273-3A592B9A1039}.Debug|Any CPU.ActiveCfg = Debug|Any CPU
		{BE96F7F7-02B9-4A6C-A273-3A592B9A1039}.Debug|Any CPU.Build.0 = Debug|Any CPU
		{BE96F7F7-02B9-4A6C-A273-3A592B9A1039}.Debug|x64.ActiveCfg = Debug|Any CPU
		{BE96F7F7-02B9-4A6C-A273-3A592B9A1039}.Debug|x64.Build.0 = Debug|Any CPU
		{BE96F7F7-02B9-4A6C-A273-3A592B9A1039}.Debug|x86.ActiveCfg = Debug|Any CPU
		{BE96F7F7-02B9-4A6C-A273-3A592B9A1039}.Debug|x86.Build.0 = Debug|Any CPU
		{BE96F7F7-02B9-4A6C-A273-3A592B9A1039}.Release|Any CPU.ActiveCfg = Release|Any CPU
		{BE96F7F7-02B9-4A6C-A273-3A592B9A1039}.Release|Any CPU.Build.0 = Release|Any CPU
		{BE96F7F7-02B9-4A6C-A273-3A592B9A1039}.Release|x64.ActiveCfg = Release|Any CPU
		{BE96F7F7-02B9-4A6C-A273-3A592B9A1039}.Release|x64.Build.0 = Release|Any CPU
		{BE96F7F7-02B9-4A6C-A273-3A592B9A1039}.Release|x86.ActiveCfg = Release|Any CPU
		{BE96F7F7-02B9-4A6C-A273-3A592B9A1039}.Release|x86.Build.0 = Release|Any CPU
		{BE96F7F7-02B9-4A6C-A273-3A592B9A1039}.Release-MSVC|Any CPU.ActiveCfg = Release-MSVC|Any CPU
		{BE96F7F7-02B9-4A6C-A273-3A592B9A1039}.Release-MSVC|Any CPU.Build.0 = Release-MSVC|Any CPU
		{BE96F7F7-02B9-4A6C-A273-3A592B9A1039}.Release-MSVC|x64.ActiveCfg = Release-MSVC|Any CPU
		{BE96F7F7-02B9-4A6C-A273-3A592B9A1039}.Release-MSVC|x64.Build.0 = Release-MSVC|Any CPU
		{BE96F7F7-02B9-4A6C-A273-3A592B9A1039}.Release-MSVC|x86.ActiveCfg = Release-MSVC|Any CPU
		{BE96F7F7-02B9-4A6C-A273-3A592B9A1039}.Release-MSVC|x86.Build.0 = Release-MSVC|Any CPU
		{53D99985-CFAA-4937-8E44-ECCD59005733}.Debug|Any CPU.ActiveCfg = Debug|Any CPU
		{53D99985-CFAA-4937-8E44-ECCD59005733}.Debug|Any CPU.Build.0 = Debug|Any CPU
		{53D99985-CFAA-4937-8E44-ECCD59005733}.Debug|x64.ActiveCfg = Debug|Any CPU
		{53D99985-CFAA-4937-8E44-ECCD59005733}.Debug|x64.Build.0 = Debug|Any CPU
		{53D99985-CFAA-4937-8E44-ECCD59005733}.Debug|x86.ActiveCfg = Debug|Any CPU
		{53D99985-CFAA-4937-8E44-ECCD59005733}.Debug|x86.Build.0 = Debug|Any CPU
		{53D99985-CFAA-4937-8E44-ECCD59005733}.Release|Any CPU.ActiveCfg = Release|Any CPU
		{53D99985-CFAA-4937-8E44-ECCD59005733}.Release|Any CPU.Build.0 = Release|Any CPU
		{53D99985-CFAA-4937-8E44-ECCD59005733}.Release|x64.ActiveCfg = Release|Any CPU
		{53D99985-CFAA-4937-8E44-ECCD59005733}.Release|x64.Build.0 = Release|Any CPU
		{53D99985-CFAA-4937-8E44-ECCD59005733}.Release|x86.ActiveCfg = Release|Any CPU
		{53D99985-CFAA-4937-8E44-ECCD59005733}.Release|x86.Build.0 = Release|Any CPU
		{53D99985-CFAA-4937-8E44-ECCD59005733}.Release-MSVC|Any CPU.ActiveCfg = Release-MSVC|Any CPU
		{53D99985-CFAA-4937-8E44-ECCD59005733}.Release-MSVC|Any CPU.Build.0 = Release-MSVC|Any CPU
		{53D99985-CFAA-4937-8E44-ECCD59005733}.Release-MSVC|x64.ActiveCfg = Release-MSVC|Any CPU
		{53D99985-CFAA-4937-8E44-ECCD59005733}.Release-MSVC|x64.Build.0 = Release-MSVC|Any CPU
		{53D99985-CFAA-4937-8E44-ECCD59005733}.Release-MSVC|x86.ActiveCfg = Release-MSVC|Any CPU
		{53D99985-CFAA-4937-8E44-ECCD59005733}.Release-MSVC|x86.Build.0 = Release-MSVC|Any CPU
		{4F140013-EABD-4CEA-929D-E9394EE5CAFA}.Debug|Any CPU.ActiveCfg = Debug|x64
		{4F140013-EABD-4CEA-929D-E9394EE5CAFA}.Debug|x64.ActiveCfg = Debug|x64
		{4F140013-EABD-4CEA-929D-E9394EE5CAFA}.Debug|x64.Build.0 = Debug|x64
		{4F140013-EABD-4CEA-929D-E9394EE5CAFA}.Debug|x86.ActiveCfg = Debug|Win32
		{4F140013-EABD-4CEA-929D-E9394EE5CAFA}.Debug|x86.Build.0 = Debug|Win32
		{4F140013-EABD-4CEA-929D-E9394EE5CAFA}.Release|Any CPU.ActiveCfg = Release|Win32
		{4F140013-EABD-4CEA-929D-E9394EE5CAFA}.Release|x64.ActiveCfg = Release|x64
		{4F140013-EABD-4CEA-929D-E9394EE5CAFA}.Release|x64.Build.0 = Release|x64
		{4F140013-EABD-4CEA-929D-E9394EE5CAFA}.Release|x86.ActiveCfg = Release|Win32
		{4F140013-EABD-4CEA-929D-E9394EE5CAFA}.Release|x86.Build.0 = Release|Win32
		{4F140013-EABD-4CEA-929D-E9394EE5CAFA}.Release-MSVC|Any CPU.ActiveCfg = Release-MSVC|Win32
		{4F140013-EABD-4CEA-929D-E9394EE5CAFA}.Release-MSVC|x64.ActiveCfg = Release-MSVC|x64
		{4F140013-EABD-4CEA-929D-E9394EE5CAFA}.Release-MSVC|x64.Build.0 = Release-MSVC|x64
		{4F140013-EABD-4CEA-929D-E9394EE5CAFA}.Release-MSVC|x86.ActiveCfg = Release-MSVC|Win32
		{4F140013-EABD-4CEA-929D-E9394EE5CAFA}.Release-MSVC|x86.Build.0 = Release-MSVC|Win32
		{1DBBB811-8609-45A3-BD78-E5BABF6F3C9E}.Debug|Any CPU.ActiveCfg = Debug|Any CPU
		{1DBBB811-8609-45A3-BD78-E5BABF6F3C9E}.Debug|Any CPU.Build.0 = Debug|Any CPU
		{1DBBB811-8609-45A3-BD78-E5BABF6F3C9E}.Debug|x64.ActiveCfg = Debug|Any CPU
		{1DBBB811-8609-45A3-BD78-E5BABF6F3C9E}.Debug|x64.Build.0 = Debug|Any CPU
		{1DBBB811-8609-45A3-BD78-E5BABF6F3C9E}.Debug|x86.ActiveCfg = Debug|Any CPU
		{1DBBB811-8609-45A3-BD78-E5BABF6F3C9E}.Debug|x86.Build.0 = Debug|Any CPU
		{1DBBB811-8609-45A3-BD78-E5BABF6F3C9E}.Release|Any CPU.ActiveCfg = Release|Any CPU
		{1DBBB811-8609-45A3-BD78-E5BABF6F3C9E}.Release|Any CPU.Build.0 = Release|Any CPU
		{1DBBB811-8609-45A3-BD78-E5BABF6F3C9E}.Release|x64.ActiveCfg = Release|Any CPU
		{1DBBB811-8609-45A3-BD78-E5BABF6F3C9E}.Release|x64.Build.0 = Release|Any CPU
		{1DBBB811-8609-45A3-BD78-E5BABF6F3C9E}.Release|x86.ActiveCfg = Release|Any CPU
		{1DBBB811-8609-45A3-BD78-E5BABF6F3C9E}.Release|x86.Build.0 = Release|Any CPU
		{1DBBB811-8609-45A3-BD78-E5BABF6F3C9E}.Release-MSVC|Any CPU.ActiveCfg = Release-MSVC|Any CPU
		{1DBBB811-8609-45A3-BD78-E5BABF6F3C9E}.Release-MSVC|Any CPU.Build.0 = Release-MSVC|Any CPU
		{1DBBB811-8609-45A3-BD78-E5BABF6F3C9E}.Release-MSVC|x64.ActiveCfg = Release-MSVC|Any CPU
		{1DBBB811-8609-45A3-BD78-E5BABF6F3C9E}.Release-MSVC|x64.Build.0 = Release-MSVC|Any CPU
		{1DBBB811-8609-45A3-BD78-E5BABF6F3C9E}.Release-MSVC|x86.ActiveCfg = Release-MSVC|Any CPU
		{1DBBB811-8609-45A3-BD78-E5BABF6F3C9E}.Release-MSVC|x86.Build.0 = Release-MSVC|Any CPU
		{A3DD7521-412F-4BE3-A708-F45C24992689}.Debug|Any CPU.ActiveCfg = Debug|Any CPU
		{A3DD7521-412F-4BE3-A708-F45C24992689}.Debug|Any CPU.Build.0 = Debug|Any CPU
		{A3DD7521-412F-4BE3-A708-F45C24992689}.Debug|x64.ActiveCfg = Debug|Any CPU
		{A3DD7521-412F-4BE3-A708-F45C24992689}.Debug|x64.Build.0 = Debug|Any CPU
		{A3DD7521-412F-4BE3-A708-F45C24992689}.Debug|x86.ActiveCfg = Debug|Any CPU
		{A3DD7521-412F-4BE3-A708-F45C24992689}.Debug|x86.Build.0 = Debug|Any CPU
		{A3DD7521-412F-4BE3-A708-F45C24992689}.Release|Any CPU.ActiveCfg = Release|Any CPU
		{A3DD7521-412F-4BE3-A708-F45C24992689}.Release|Any CPU.Build.0 = Release|Any CPU
		{A3DD7521-412F-4BE3-A708-F45C24992689}.Release|x64.ActiveCfg = Release|Any CPU
		{A3DD7521-412F-4BE3-A708-F45C24992689}.Release|x64.Build.0 = Release|Any CPU
		{A3DD7521-412F-4BE3-A708-F45C24992689}.Release|x86.ActiveCfg = Release|Any CPU
		{A3DD7521-412F-4BE3-A708-F45C24992689}.Release|x86.Build.0 = Release|Any CPU
		{A3DD7521-412F-4BE3-A708-F45C24992689}.Release-MSVC|Any CPU.ActiveCfg = Release-MSVC|Any CPU
		{A3DD7521-412F-4BE3-A708-F45C24992689}.Release-MSVC|Any CPU.Build.0 = Release-MSVC|Any CPU
		{A3DD7521-412F-4BE3-A708-F45C24992689}.Release-MSVC|x64.ActiveCfg = Release-MSVC|Any CPU
		{A3DD7521-412F-4BE3-A708-F45C24992689}.Release-MSVC|x64.Build.0 = Release-MSVC|Any CPU
		{A3DD7521-412F-4BE3-A708-F45C24992689}.Release-MSVC|x86.ActiveCfg = Release-MSVC|Any CPU
		{A3DD7521-412F-4BE3-A708-F45C24992689}.Release-MSVC|x86.Build.0 = Release-MSVC|Any CPU
		{63929C8E-B31E-4B9E-BA03-05E1711A10ED}.Debug|Any CPU.ActiveCfg = Debug|Any CPU
		{63929C8E-B31E-4B9E-BA03-05E1711A10ED}.Debug|Any CPU.Build.0 = Debug|Any CPU
		{63929C8E-B31E-4B9E-BA03-05E1711A10ED}.Debug|x64.ActiveCfg = Debug|Any CPU
		{63929C8E-B31E-4B9E-BA03-05E1711A10ED}.Debug|x64.Build.0 = Debug|Any CPU
		{63929C8E-B31E-4B9E-BA03-05E1711A10ED}.Debug|x86.ActiveCfg = Debug|Any CPU
		{63929C8E-B31E-4B9E-BA03-05E1711A10ED}.Debug|x86.Build.0 = Debug|Any CPU
		{63929C8E-B31E-4B9E-BA03-05E1711A10ED}.Release|Any CPU.ActiveCfg = Release|Any CPU
		{63929C8E-B31E-4B9E-BA03-05E1711A10ED}.Release|Any CPU.Build.0 = Release|Any CPU
		{63929C8E-B31E-4B9E-BA03-05E1711A10ED}.Release|x64.ActiveCfg = Release|Any CPU
		{63929C8E-B31E-4B9E-BA03-05E1711A10ED}.Release|x64.Build.0 = Release|Any CPU
		{63929C8E-B31E-4B9E-BA03-05E1711A10ED}.Release|x86.ActiveCfg = Release|Any CPU
		{63929C8E-B31E-4B9E-BA03-05E1711A10ED}.Release|x86.Build.0 = Release|Any CPU
		{63929C8E-B31E-4B9E-BA03-05E1711A10ED}.Release-MSVC|Any CPU.ActiveCfg = Release-MSVC|Any CPU
		{63929C8E-B31E-4B9E-BA03-05E1711A10ED}.Release-MSVC|Any CPU.Build.0 = Release-MSVC|Any CPU
		{63929C8E-B31E-4B9E-BA03-05E1711A10ED}.Release-MSVC|x64.ActiveCfg = Release-MSVC|Any CPU
		{63929C8E-B31E-4B9E-BA03-05E1711A10ED}.Release-MSVC|x64.Build.0 = Release-MSVC|Any CPU
		{63929C8E-B31E-4B9E-BA03-05E1711A10ED}.Release-MSVC|x86.ActiveCfg = Release-MSVC|Any CPU
		{63929C8E-B31E-4B9E-BA03-05E1711A10ED}.Release-MSVC|x86.Build.0 = Release-MSVC|Any CPU
		{B81A2D91-3471-4F04-97EA-DF19C4C5415B}.Debug|Any CPU.ActiveCfg = Debug|Any CPU
		{B81A2D91-3471-4F04-97EA-DF19C4C5415B}.Debug|Any CPU.Build.0 = Debug|Any CPU
		{B81A2D91-3471-4F04-97EA-DF19C4C5415B}.Debug|x64.ActiveCfg = Debug|Any CPU
		{B81A2D91-3471-4F04-97EA-DF19C4C5415B}.Debug|x64.Build.0 = Debug|Any CPU
		{B81A2D91-3471-4F04-97EA-DF19C4C5415B}.Debug|x86.ActiveCfg = Debug|Any CPU
		{B81A2D91-3471-4F04-97EA-DF19C4C5415B}.Debug|x86.Build.0 = Debug|Any CPU
		{B81A2D91-3471-4F04-97EA-DF19C4C5415B}.Release|Any CPU.ActiveCfg = Release|Any CPU
		{B81A2D91-3471-4F04-97EA-DF19C4C5415B}.Release|Any CPU.Build.0 = Release|Any CPU
		{B81A2D91-3471-4F04-97EA-DF19C4C5415B}.Release|x64.ActiveCfg = Release|Any CPU
		{B81A2D91-3471-4F04-97EA-DF19C4C5415B}.Release|x64.Build.0 = Release|Any CPU
		{B81A2D91-3471-4F04-97EA-DF19C4C5415B}.Release|x86.ActiveCfg = Release|Any CPU
		{B81A2D91-3471-4F04-97EA-DF19C4C5415B}.Release|x86.Build.0 = Release|Any CPU
		{B81A2D91-3471-4F04-97EA-DF19C4C5415B}.Release-MSVC|Any CPU.ActiveCfg = Release-MSVC|Any CPU
		{B81A2D91-3471-4F04-97EA-DF19C4C5415B}.Release-MSVC|Any CPU.Build.0 = Release-MSVC|Any CPU
		{B81A2D91-3471-4F04-97EA-DF19C4C5415B}.Release-MSVC|x64.ActiveCfg = Release-MSVC|Any CPU
		{B81A2D91-3471-4F04-97EA-DF19C4C5415B}.Release-MSVC|x64.Build.0 = Release-MSVC|Any CPU
		{B81A2D91-3471-4F04-97EA-DF19C4C5415B}.Release-MSVC|x86.ActiveCfg = Release-MSVC|Any CPU
		{B81A2D91-3471-4F04-97EA-DF19C4C5415B}.Release-MSVC|x86.Build.0 = Release-MSVC|Any CPU
		{AD24E9D7-446D-476E-B916-99CC8E9F004A}.Debug|Any CPU.ActiveCfg = Debug|Any CPU
		{AD24E9D7-446D-476E-B916-99CC8E9F004A}.Debug|Any CPU.Build.0 = Debug|Any CPU
		{AD24E9D7-446D-476E-B916-99CC8E9F004A}.Debug|x64.ActiveCfg = Debug|Any CPU
		{AD24E9D7-446D-476E-B916-99CC8E9F004A}.Debug|x64.Build.0 = Debug|Any CPU
		{AD24E9D7-446D-476E-B916-99CC8E9F004A}.Debug|x86.ActiveCfg = Debug|Any CPU
		{AD24E9D7-446D-476E-B916-99CC8E9F004A}.Debug|x86.Build.0 = Debug|Any CPU
		{AD24E9D7-446D-476E-B916-99CC8E9F004A}.Release|Any CPU.ActiveCfg = Release|Any CPU
		{AD24E9D7-446D-476E-B916-99CC8E9F004A}.Release|Any CPU.Build.0 = Release|Any CPU
		{AD24E9D7-446D-476E-B916-99CC8E9F004A}.Release|x64.ActiveCfg = Release|Any CPU
		{AD24E9D7-446D-476E-B916-99CC8E9F004A}.Release|x64.Build.0 = Release|Any CPU
		{AD24E9D7-446D-476E-B916-99CC8E9F004A}.Release|x86.ActiveCfg = Release|Any CPU
		{AD24E9D7-446D-476E-B916-99CC8E9F004A}.Release|x86.Build.0 = Release|Any CPU
		{AD24E9D7-446D-476E-B916-99CC8E9F004A}.Release-MSVC|Any CPU.ActiveCfg = Release-MSVC|Any CPU
		{AD24E9D7-446D-476E-B916-99CC8E9F004A}.Release-MSVC|Any CPU.Build.0 = Release-MSVC|Any CPU
		{AD24E9D7-446D-476E-B916-99CC8E9F004A}.Release-MSVC|x64.ActiveCfg = Release-MSVC|Any CPU
		{AD24E9D7-446D-476E-B916-99CC8E9F004A}.Release-MSVC|x64.Build.0 = Release-MSVC|Any CPU
		{AD24E9D7-446D-476E-B916-99CC8E9F004A}.Release-MSVC|x86.ActiveCfg = Release-MSVC|Any CPU
		{AD24E9D7-446D-476E-B916-99CC8E9F004A}.Release-MSVC|x86.Build.0 = Release-MSVC|Any CPU
		{103F397F-52A2-41C1-8B7C-8A72E254F4D5}.Debug|Any CPU.ActiveCfg = Debug|Win32
		{103F397F-52A2-41C1-8B7C-8A72E254F4D5}.Debug|x64.ActiveCfg = Debug|x64
		{103F397F-52A2-41C1-8B7C-8A72E254F4D5}.Debug|x64.Build.0 = Debug|x64
		{103F397F-52A2-41C1-8B7C-8A72E254F4D5}.Debug|x86.ActiveCfg = Debug|Win32
		{103F397F-52A2-41C1-8B7C-8A72E254F4D5}.Debug|x86.Build.0 = Debug|Win32
		{103F397F-52A2-41C1-8B7C-8A72E254F4D5}.Release|Any CPU.ActiveCfg = Release|Win32
		{103F397F-52A2-41C1-8B7C-8A72E254F4D5}.Release|x64.ActiveCfg = Release|x64
		{103F397F-52A2-41C1-8B7C-8A72E254F4D5}.Release|x64.Build.0 = Release|x64
		{103F397F-52A2-41C1-8B7C-8A72E254F4D5}.Release|x86.ActiveCfg = Release|Win32
		{103F397F-52A2-41C1-8B7C-8A72E254F4D5}.Release|x86.Build.0 = Release|Win32
		{103F397F-52A2-41C1-8B7C-8A72E254F4D5}.Release-MSVC|Any CPU.ActiveCfg = Release-MSVC|Win32
		{103F397F-52A2-41C1-8B7C-8A72E254F4D5}.Release-MSVC|x64.ActiveCfg = Release-MSVC|x64
		{103F397F-52A2-41C1-8B7C-8A72E254F4D5}.Release-MSVC|x64.Build.0 = Release-MSVC|x64
		{103F397F-52A2-41C1-8B7C-8A72E254F4D5}.Release-MSVC|x86.ActiveCfg = Release-MSVC|Win32
		{103F397F-52A2-41C1-8B7C-8A72E254F4D5}.Release-MSVC|x86.Build.0 = Release-MSVC|Win32
		{4786A8F7-8935-4059-A323-8BEFEC2F1454}.Debug|Any CPU.ActiveCfg = Debug|Win32
		{4786A8F7-8935-4059-A323-8BEFEC2F1454}.Debug|x64.ActiveCfg = Debug|x64
		{4786A8F7-8935-4059-A323-8BEFEC2F1454}.Debug|x64.Build.0 = Debug|x64
		{4786A8F7-8935-4059-A323-8BEFEC2F1454}.Debug|x86.ActiveCfg = Debug|Win32
		{4786A8F7-8935-4059-A323-8BEFEC2F1454}.Debug|x86.Build.0 = Debug|Win32
		{4786A8F7-8935-4059-A323-8BEFEC2F1454}.Release|Any CPU.ActiveCfg = Release|Win32
		{4786A8F7-8935-4059-A323-8BEFEC2F1454}.Release|x64.ActiveCfg = Release|x64
		{4786A8F7-8935-4059-A323-8BEFEC2F1454}.Release|x64.Build.0 = Release|x64
		{4786A8F7-8935-4059-A323-8BEFEC2F1454}.Release|x86.ActiveCfg = Release|Win32
		{4786A8F7-8935-4059-A323-8BEFEC2F1454}.Release|x86.Build.0 = Release|Win32
		{4786A8F7-8935-4059-A323-8BEFEC2F1454}.Release-MSVC|Any CPU.ActiveCfg = Debug|Win32
		{4786A8F7-8935-4059-A323-8BEFEC2F1454}.Release-MSVC|Any CPU.Build.0 = Debug|Win32
		{4786A8F7-8935-4059-A323-8BEFEC2F1454}.Release-MSVC|x64.ActiveCfg = Release|x64
		{4786A8F7-8935-4059-A323-8BEFEC2F1454}.Release-MSVC|x64.Build.0 = Release|x64
		{4786A8F7-8935-4059-A323-8BEFEC2F1454}.Release-MSVC|x86.ActiveCfg = Release|Win32
		{4786A8F7-8935-4059-A323-8BEFEC2F1454}.Release-MSVC|x86.Build.0 = Release|Win32
	EndGlobalSection
	GlobalSection(SolutionProperties) = preSolution
		HideSolutionNode = FALSE
	EndGlobalSection
	GlobalSection(ExtensibilityGlobals) = postSolution
		SolutionGuid = {B3F9B205-25F8-474E-8E4E-60D124F32C33}
	EndGlobalSection
EndGlobal
