<?xml version="1.0" encoding="utf-8"?>
<Project ToolsVersion="4.0" xmlns="http://schemas.microsoft.com/developer/msbuild/2003">
  <ItemGroup>
    <Filter Include="Source Files">
      <UniqueIdentifier>{4FC737F1-C7A5-4376-A066-2A32D752A2FF}</UniqueIdentifier>
      <Extensions>cpp;c;cc;cxx;def;odl;idl;hpj;bat;asm;asmx</Extensions>
    </Filter>
    <Filter Include="Header Files">
      <UniqueIdentifier>{93995380-89BD-4b04-88EB-625FBE52EBFB}</UniqueIdentifier>
      <Extensions>h;hh;hpp;hxx;hm;inl;inc;xsd</Extensions>
    </Filter>
    <Filter Include="Resource Files">
      <UniqueIdentifier>{67DA6AB6-F800-4c08-8B7A-83BB121AAD01}</UniqueIdentifier>
      <Extensions>rc;ico;cur;bmp;dlg;rc2;rct;bin;rgs;gif;jpg;jpeg;jpe;resx;tiff;tif;png;wav;mfcribbon-ms</Extensions>
    </Filter>
    <Filter Include="Instructions">
      <UniqueIdentifier>{d2205d49-cde7-455e-977b-bdb8da63ea32}</UniqueIdentifier>
    </Filter>
    <Filter Include="Runtime Data">
      <UniqueIdentifier>{b8abf4e2-58c0-4e72-8900-d5f39bae5668}</UniqueIdentifier>
    </Filter>
    <Filter Include="Intermediate Representation">
      <UniqueIdentifier>{3c29d5c6-62bd-47c0-a314-2f5a3e23c0de}</UniqueIdentifier>
    </Filter>
    <Filter Include="Common">
      <UniqueIdentifier>{b7aff308-7d32-48b7-a7c7-a96fcd2ceeae}</UniqueIdentifier>
    </Filter>
    <Filter Include="Runtime">
      <UniqueIdentifier>{fcfe7ab3-4ea9-40dd-b63c-0a8bac43e49d}</UniqueIdentifier>
    </Filter>
    <Filter Include="Library">
      <UniqueIdentifier>{2d722235-2096-46d5-b358-959295ebc2f5}</UniqueIdentifier>
    </Filter>
    <Filter Include="Parse">
      <UniqueIdentifier>{ff61a617-8e97-4f15-99b6-70eeea3611bc}</UniqueIdentifier>
    </Filter>
    <Filter Include="FileSystem">
      <UniqueIdentifier>{e69c1f81-d30f-458b-8c78-26dbb152ee57}</UniqueIdentifier>
    </Filter>
    <Filter Include="Runtime Data\Headers">
      <UniqueIdentifier>{3ca03b13-6f64-42f0-bcf9-a54dd149b16e}</UniqueIdentifier>
    </Filter>
    <Filter Include="Runtime Data\VTables">
      <UniqueIdentifier>{f6513683-478f-4bbe-a75e-c96321b022dc}</UniqueIdentifier>
    </Filter>
    <Filter Include="Runtime Data\Types">
      <UniqueIdentifier>{259a31df-3e3f-4899-97e8-26d6d8b84cd3}</UniqueIdentifier>
    </Filter>
    <Filter Include="Intermediate Representation\Callables">
      <UniqueIdentifier>{f3f2237b-5ab5-4789-a571-ba35a60a2dbd}</UniqueIdentifier>
    </Filter>
    <Filter Include="Intermediate Representation\Types">
      <UniqueIdentifier>{2cbf4dc7-c086-44ae-bd3d-c96d3e504f51}</UniqueIdentifier>
    </Filter>
    <Filter Include="Intermediate Representation\Data">
      <UniqueIdentifier>{7898c7ed-74bd-4ade-b4b3-f556d3689fba}</UniqueIdentifier>
    </Filter>
    <Filter Include="Intermediate Representation\CallTags">
      <UniqueIdentifier>{c520a4e5-2cdd-4a01-9c00-301a263eb6bb}</UniqueIdentifier>
    </Filter>
    <Filter Include="Runtime\Typing">
      <UniqueIdentifier>{1074cef3-eeee-49f0-8dfd-93bd7c8eb0bd}</UniqueIdentifier>
    </Filter>
    <Filter Include="Runtime\Statistics">
      <UniqueIdentifier>{55bfbe05-eb58-4855-b598-e445d30abf93}</UniqueIdentifier>
    </Filter>
    <Filter Include="Runtime\Memory">
      <UniqueIdentifier>{9aaf847a-26c9-4432-9a2c-c0f39d46f2c7}</UniqueIdentifier>
    </Filter>
    <Filter Include="Runtime\Config">
      <UniqueIdentifier>{c71a7b2b-d8b7-4603-8da7-6043dd1e6f96}</UniqueIdentifier>
    </Filter>
    <Filter Include="Wrappers">
      <UniqueIdentifier>{b0ca19a8-518d-4d3b-a0af-14e5da8131df}</UniqueIdentifier>
    </Filter>
    <Filter Include="Wrappers\Types">
      <UniqueIdentifier>{3fb626cc-e2bb-4a9c-9361-6632ad0e73d8}</UniqueIdentifier>
    </Filter>
    <Filter Include="Wrappers\Values">
      <UniqueIdentifier>{3e5951e7-4166-4dee-99c9-b367704844e9}</UniqueIdentifier>
    </Filter>
    <Filter Include="Wrappers\Helpers">
      <UniqueIdentifier>{e12edfe6-fc22-461b-addc-62e0e8fbe8b1}</UniqueIdentifier>
    </Filter>
    <Filter Include="Wrappers\Globals">
      <UniqueIdentifier>{bc8c30c3-8713-4b1e-aea0-25aa82f56ac9}</UniqueIdentifier>
    </Filter>
    <Filter Include="Values">
      <UniqueIdentifier>{9fb4c0e9-475d-4561-ae1a-4a1c9dbcd992}</UniqueIdentifier>
    </Filter>
  </ItemGroup>
  <ItemGroup>
    <ClCompile Include="instructions\CallCheckedStaticMethod.cpp">
      <Filter>Instructions</Filter>
    </ClCompile>
    <ClCompile Include="instructions\ArgumentInstruction.cpp">
      <Filter>Instructions</Filter>
    </ClCompile>
    <ClCompile Include="instructions\LoadStringConstantInstruction.cpp">
      <Filter>Instructions</Filter>
    </ClCompile>
    <ClCompile Include="instructions\NoopInstruction.cpp">
      <Filter>Instructions</Filter>
    </ClCompile>
    <ClCompile Include="instructions\PhiNode.cpp">
      <Filter>Instructions</Filter>
    </ClCompile>
    <ClCompile Include="instructions\ReturnInstruction.cpp">
      <Filter>Instructions</Filter>
    </ClCompile>
    <ClCompile Include="NomInstruction.cpp">
      <Filter>Instructions</Filter>
    </ClCompile>
    <ClCompile Include="NomValueInstruction.cpp">
      <Filter>Instructions</Filter>
    </ClCompile>
    <ClCompile Include="NomVMInterface.cpp">
      <Filter>Runtime</Filter>
    </ClCompile>
    <ClCompile Include="NomRuntime.cpp">
      <Filter>Runtime</Filter>
    </ClCompile>
    <ClCompile Include="Runtime.cpp">
      <Filter>Runtime</Filter>
    </ClCompile>
    <ClCompile Include="NomJIT.cpp">
      <Filter>Runtime</Filter>
    </ClCompile>
    <ClCompile Include="ClassTypeList.cpp">
      <Filter>Common</Filter>
    </ClCompile>
    <ClCompile Include="CompileEnv.cpp">
      <Filter>Common</Filter>
    </ClCompile>
    <ClCompile Include="TypeList.cpp">
      <Filter>Common</Filter>
    </ClCompile>
    <ClCompile Include="Util.cpp">
      <Filter>Common</Filter>
    </ClCompile>
    <ClCompile Include="ObjectClass.cpp">
      <Filter>Library</Filter>
    </ClCompile>
    <ClCompile Include="NullClass.cpp">
      <Filter>Library</Filter>
    </ClCompile>
    <ClCompile Include="StringClass.cpp">
      <Filter>Library</Filter>
    </ClCompile>
    <ClCompile Include="NomConstants.cpp">
      <Filter>Intermediate Representation</Filter>
    </ClCompile>
    <ClCompile Include="instructions\CallDispatchBestMethod.cpp">
      <Filter>Instructions</Filter>
    </ClCompile>
    <ClCompile Include="instructions\CallCheckedInstanceMethod.cpp">
      <Filter>Instructions</Filter>
    </ClCompile>
    <ClCompile Include="BytecodeReader.cpp">
      <Filter>Parse</Filter>
    </ClCompile>
    <ClCompile Include="CharStream.cpp">
      <Filter>Common</Filter>
    </ClCompile>
    <ClCompile Include="ManifestReader.cpp">
      <Filter>Parse</Filter>
    </ClCompile>
    <ClCompile Include="AssemblyUnit.cpp">
      <Filter>Intermediate Representation</Filter>
    </ClCompile>
    <ClCompile Include="Loader.cpp">
      <Filter>Parse</Filter>
    </ClCompile>
    <ClCompile Include="LibraryVersion.cpp">
      <Filter>Parse</Filter>
    </ClCompile>
    <ClCompile Include="Library.cpp">
      <Filter>Parse</Filter>
    </ClCompile>
    <ClCompile Include="LibraryDependency.cpp">
      <Filter>Parse</Filter>
    </ClCompile>
    <ClCompile Include="Context.cpp">
      <Filter>Common</Filter>
    </ClCompile>
    <ClCompile Include="LibrarySource.cpp">
      <Filter>Parse</Filter>
    </ClCompile>
    <ClCompile Include="ComponentSource.cpp">
      <Filter>Parse</Filter>
    </ClCompile>
    <ClCompile Include="Directory.cpp">
      <Filter>FileSystem</Filter>
    </ClCompile>
    <ClCompile Include="File.cpp">
      <Filter>FileSystem</Filter>
    </ClCompile>
    <ClCompile Include="Path.cpp">
      <Filter>FileSystem</Filter>
    </ClCompile>
    <ClCompile Include="instructions\DebugInstruction.cpp">
      <Filter>Instructions</Filter>
    </ClCompile>
    <ClCompile Include="instructions\ReturnVoidInstruction.cpp">
      <Filter>Instructions</Filter>
    </ClCompile>
    <ClCompile Include="VoidClass.cpp">
      <Filter>Library</Filter>
    </ClCompile>
    <ClCompile Include="instructions\LoadIntConstantInstruction.cpp">
      <Filter>Instructions</Filter>
    </ClCompile>
    <ClCompile Include="instructions\BinOpInstruction.cpp">
      <Filter>Instructions</Filter>
    </ClCompile>
    <ClCompile Include="BoolClass.cpp">
      <Filter>Library</Filter>
    </ClCompile>
    <ClCompile Include="FloatClass.cpp">
      <Filter>Library</Filter>
    </ClCompile>
    <ClCompile Include="IntClass.cpp">
      <Filter>Library</Filter>
    </ClCompile>
    <ClCompile Include="RTModule.cpp">
      <Filter>Runtime Data</Filter>
    </ClCompile>
    <ClCompile Include="RTInterfaceTableEntry.cpp">
      <Filter>Runtime Data</Filter>
    </ClCompile>
    <ClCompile Include="ARTRep.cpp">
      <Filter>Runtime Data</Filter>
    </ClCompile>
    <ClCompile Include="NomTypeRegistry.cpp">
      <Filter>Runtime</Filter>
    </ClCompile>
    <ClCompile Include="AvailableExternally.cpp">
      <Filter>Intermediate Representation</Filter>
    </ClCompile>
    <ClCompile Include="NomMemberContext.cpp">
      <Filter>Intermediate Representation</Filter>
    </ClCompile>
    <ClCompile Include="GloballyNamed.cpp">
      <Filter>Intermediate Representation</Filter>
    </ClCompile>
    <ClCompile Include="Defs.cpp">
      <Filter>Common</Filter>
    </ClCompile>
    <ClCompile Include="NomValue.cpp">
      <Filter>Intermediate Representation</Filter>
    </ClCompile>
    <ClCompile Include="instructions\CallConstructor.cpp">
      <Filter>Instructions</Filter>
    </ClCompile>
    <ClCompile Include="instructions\WriteFieldInstruction.cpp">
      <Filter>Instructions</Filter>
    </ClCompile>
    <ClCompile Include="instructions\ReadFieldInstruction.cpp">
      <Filter>Instructions</Filter>
    </ClCompile>
    <ClCompile Include="NomField.cpp">
      <Filter>Intermediate Representation</Filter>
    </ClCompile>
    <ClCompile Include="instructions\CastInstruction.cpp">
      <Filter>Instructions</Filter>
    </ClCompile>
    <ClCompile Include="pugixml\pugixml.cpp">
      <Filter>Source Files</Filter>
    </ClCompile>
    <ClCompile Include="instructions\CondBranchInstruction.cpp">
      <Filter>Instructions</Filter>
    </ClCompile>
    <ClCompile Include="TypeOperations.cpp">
      <Filter>Common</Filter>
    </ClCompile>
    <ClCompile Include="FunInterface.cpp">
      <Filter>Library</Filter>
    </ClCompile>
    <ClCompile Include="instructions\BranchInstruction.cpp">
      <Filter>Instructions</Filter>
    </ClCompile>
    <ClCompile Include="BytecodeTopReadHandler.cpp">
      <Filter>Parse</Filter>
    </ClCompile>
    <ClCompile Include="NomString.cpp">
      <Filter>Intermediate Representation</Filter>
    </ClCompile>
    <ClCompile Include="TimerClass.cpp">
      <Filter>Library</Filter>
    </ClCompile>
    <ClCompile Include="NomNameRepository.cpp">
      <Filter>Intermediate Representation</Filter>
    </ClCompile>
    <ClCompile Include="CompileHelpers.cpp">
      <Filter>Common</Filter>
    </ClCompile>
    <ClCompile Include="RTOutput.cpp">
      <Filter>Runtime</Filter>
    </ClCompile>
    <ClCompile Include="ExpandoObjectClass.cpp">
      <Filter>Library</Filter>
    </ClCompile>
    <ClCompile Include="RTDictionary.cpp">
      <Filter>Runtime</Filter>
    </ClCompile>
    <ClCompile Include="instructions\CreateClosure.cpp">
      <Filter>Instructions</Filter>
    </ClCompile>
    <ClCompile Include="NomMethodTableEntry.cpp">
      <Filter>Intermediate Representation</Filter>
    </ClCompile>
    <ClCompile Include="RTSignature.cpp">
      <Filter>Runtime Data</Filter>
    </ClCompile>
    <ClCompile Include="instructions\ConstructStruct.cpp">
      <Filter>Instructions</Filter>
    </ClCompile>
    <ClCompile Include="instructions\LoadBoolConstantInstruction.cpp">
      <Filter>Instructions</Filter>
    </ClCompile>
    <ClCompile Include="instructions\ErrorInstruction.cpp">
      <Filter>Instructions</Filter>
    </ClCompile>
    <ClCompile Include="instructions\RTCmdInstruction.cpp">
      <Filter>Instructions</Filter>
    </ClCompile>
    <ClCompile Include="NomSubstitutionContext.cpp">
      <Filter>Intermediate Representation</Filter>
    </ClCompile>
    <ClCompile Include="IComparableInterface.cpp">
      <Filter>Library</Filter>
    </ClCompile>
    <ClCompile Include="NomTypeParameter.cpp">
      <Filter>Intermediate Representation</Filter>
    </ClCompile>
    <ClCompile Include="IPairInterface.cpp">
      <Filter>Library</Filter>
    </ClCompile>
    <ClCompile Include="NomValuePrimitiveCases.cpp">
      <Filter>Intermediate Representation</Filter>
    </ClCompile>
    <ClCompile Include="LoadFloatConstantInstruction.cpp">
      <Filter>Instructions</Filter>
    </ClCompile>
    <ClCompile Include="IMT.cpp">
      <Filter>Runtime Data</Filter>
    </ClCompile>
    <ClCompile Include="ArrayListClass.cpp">
      <Filter>Library</Filter>
    </ClCompile>
    <ClCompile Include="IEnumeratorInterface.cpp">
      <Filter>Library</Filter>
    </ClCompile>
    <ClCompile Include="IEnumerableInterface.cpp">
      <Filter>Library</Filter>
    </ClCompile>
    <ClCompile Include="MathClass.cpp">
      <Filter>Library</Filter>
    </ClCompile>
    <ClCompile Include="RangeClass.cpp">
      <Filter>Library</Filter>
    </ClCompile>
    <ClCompile Include="Manifest.cpp">
      <Filter>Parse</Filter>
    </ClCompile>
    <ClCompile Include="LoadNullConstantInstruction.cpp">
      <Filter>Instructions</Filter>
    </ClCompile>
    <ClCompile Include="UnaryOpInstruction.cpp">
      <Filter>Instructions</Filter>
    </ClCompile>
    <ClCompile Include="EnsureCheckedMethodInstruction.cpp">
      <Filter>Instructions</Filter>
    </ClCompile>
    <ClCompile Include="EnsureDynamicMethodInstruction.cpp">
      <Filter>Instructions</Filter>
    </ClCompile>
    <ClCompile Include="Metadata.cpp">
      <Filter>Common</Filter>
    </ClCompile>
    <ClCompile Include="LambdaHeader.cpp">
      <Filter>Runtime Data\Headers</Filter>
    </ClCompile>
    <ClCompile Include="ObjectHeader.cpp">
      <Filter>Runtime Data\Headers</Filter>
    </ClCompile>
    <ClCompile Include="PartialAppHeader.cpp">
      <Filter>Runtime Data\Headers</Filter>
    </ClCompile>
    <ClCompile Include="RefValueHeader.cpp">
      <Filter>Runtime Data\Headers</Filter>
    </ClCompile>
    <ClCompile Include="RecordHeader.cpp">
      <Filter>Runtime Data\Headers</Filter>
    </ClCompile>
    <ClCompile Include="RTVTable.cpp">
      <Filter>Runtime Data\VTables</Filter>
    </ClCompile>
    <ClCompile Include="RTClassType.cpp">
      <Filter>Runtime Data\Types</Filter>
    </ClCompile>
    <ClCompile Include="RTTypeHead.cpp">
      <Filter>Runtime Data\Types</Filter>
    </ClCompile>
    <ClCompile Include="RTDynamicType.cpp">
      <Filter>Runtime Data\Types</Filter>
    </ClCompile>
    <ClCompile Include="RTInstanceType.cpp">
      <Filter>Runtime Data\Types</Filter>
    </ClCompile>
    <ClCompile Include="RTMaybeType.cpp">
      <Filter>Runtime Data\Types</Filter>
    </ClCompile>
    <ClCompile Include="RTTypeVar.cpp">
      <Filter>Runtime Data\Types</Filter>
    </ClCompile>
    <ClCompile Include="StructuralValueHeader.cpp">
      <Filter>Runtime Data\Headers</Filter>
    </ClCompile>
    <ClCompile Include="RTRecord.cpp">
      <Filter>Runtime Data\VTables</Filter>
    </ClCompile>
    <ClCompile Include="RTPartialApp.cpp">
      <Filter>Runtime Data\VTables</Filter>
    </ClCompile>
    <ClCompile Include="RTLambda.cpp">
      <Filter>Runtime Data\VTables</Filter>
    </ClCompile>
    <ClCompile Include="RTInterface.cpp">
      <Filter>Runtime Data\VTables</Filter>
    </ClCompile>
    <ClCompile Include="RTClass.cpp">
      <Filter>Runtime Data\VTables</Filter>
    </ClCompile>
    <ClCompile Include="NomBottomType.cpp">
      <Filter>Intermediate Representation\Types</Filter>
    </ClCompile>
    <ClCompile Include="NomClassType.cpp">
      <Filter>Intermediate Representation\Types</Filter>
    </ClCompile>
    <ClCompile Include="NomDynamicType.cpp">
      <Filter>Intermediate Representation\Types</Filter>
    </ClCompile>
    <ClCompile Include="NomMaybeType.cpp">
      <Filter>Intermediate Representation\Types</Filter>
    </ClCompile>
    <ClCompile Include="NomTopType.cpp">
      <Filter>Intermediate Representation\Types</Filter>
    </ClCompile>
    <ClCompile Include="NomTypeVar.cpp">
      <Filter>Intermediate Representation\Types</Filter>
    </ClCompile>
    <ClCompile Include="NomType.cpp">
      <Filter>Intermediate Representation\Types</Filter>
    </ClCompile>
    <ClCompile Include="NomCallable.cpp">
      <Filter>Intermediate Representation\Callables</Filter>
    </ClCompile>
    <ClCompile Include="NomCallableVersion.cpp">
      <Filter>Intermediate Representation\Callables</Filter>
    </ClCompile>
    <ClCompile Include="NomMethod.cpp">
      <Filter>Intermediate Representation\Callables</Filter>
    </ClCompile>
    <ClCompile Include="NomRecordMethod.cpp">
      <Filter>Intermediate Representation\Callables</Filter>
    </ClCompile>
    <ClCompile Include="NomStaticMethod.cpp">
      <Filter>Intermediate Representation\Callables</Filter>
    </ClCompile>
    <ClCompile Include="NomPartialApplication.cpp">
      <Filter>Intermediate Representation\Callables</Filter>
    </ClCompile>
    <ClCompile Include="NomClass.cpp">
      <Filter>Intermediate Representation\Data</Filter>
    </ClCompile>
    <ClCompile Include="NomInterface.cpp">
      <Filter>Intermediate Representation\Data</Filter>
    </ClCompile>
    <ClCompile Include="NomLambda.cpp">
      <Filter>Intermediate Representation\Data</Filter>
    </ClCompile>
    <ClCompile Include="NomNamed.cpp">
      <Filter>Intermediate Representation\Data</Filter>
    </ClCompile>
    <ClCompile Include="NomRecord.cpp">
      <Filter>Intermediate Representation\Data</Filter>
    </ClCompile>
    <ClCompile Include="NomModule.cpp">
      <Filter>Intermediate Representation\Data</Filter>
    </ClCompile>
    <ClCompile Include="NomSignature.cpp">
      <Filter>Intermediate Representation\Callables</Filter>
    </ClCompile>
    <ClCompile Include="NomInterfaceCallTag.cpp">
      <Filter>Intermediate Representation\CallTags</Filter>
    </ClCompile>
    <ClCompile Include="NomProgram.cpp">
      <Filter>Intermediate Representation\Data</Filter>
    </ClCompile>
    <ClCompile Include="NomLambdaCallTag.cpp">
      <Filter>Intermediate Representation\CallTags</Filter>
    </ClCompile>
    <ClCompile Include="NomRecordCallTag.cpp">
      <Filter>Intermediate Representation\CallTags</Filter>
    </ClCompile>
    <ClCompile Include="NomConstructor.cpp">
      <Filter>Intermediate Representation\Callables</Filter>
    </ClCompile>
    <ClCompile Include="NomBuilder.cpp">
      <Filter>Common</Filter>
    </ClCompile>
    <ClCompile Include="SourcePos.cpp">
      <Filter>Common</Filter>
    </ClCompile>
    <ClCompile Include="NomTypeVarValue.cpp">
      <Filter>Intermediate Representation</Filter>
    </ClCompile>
    <ClCompile Include="RTTypeEq.cpp">
      <Filter>Runtime\Typing</Filter>
    </ClCompile>
    <ClCompile Include="RTSubtyping.cpp">
      <Filter>Runtime\Typing</Filter>
    </ClCompile>
    <ClCompile Include="RTSubstStack.cpp">
      <Filter>Runtime\Typing</Filter>
    </ClCompile>
    <ClCompile Include="RTDisjointness.cpp">
      <Filter>Runtime\Typing</Filter>
    </ClCompile>
    <ClCompile Include="RTCast.cpp">
      <Filter>Runtime\Typing</Filter>
    </ClCompile>
    <ClCompile Include="CastStats.cpp">
      <Filter>Runtime\Statistics</Filter>
    </ClCompile>
    <ClCompile Include="FunctionTimings.cpp">
      <Filter>Runtime\Statistics</Filter>
    </ClCompile>
    <ClCompile Include="BoehmContainers.cpp">
      <Filter>Runtime\Memory</Filter>
    </ClCompile>
    <ClCompile Include="boehmgcinterface.cpp">
      <Filter>Runtime\Memory</Filter>
    </ClCompile>
    <ClCompile Include="NomAlloc.cpp">
      <Filter>Runtime\Memory</Filter>
    </ClCompile>
    <ClCompile Include="RTConfig.cpp">
      <Filter>Runtime\Config</Filter>
    </ClCompile>
    <ClCompile Include="PWrapper.cpp">
      <Filter>Wrappers</Filter>
    </ClCompile>
    <ClCompile Include="PWTypeVar.cpp">
      <Filter>Wrappers\Types</Filter>
    </ClCompile>
    <ClCompile Include="PWTypeArr.cpp">
      <Filter>Wrappers\Types</Filter>
    </ClCompile>
    <ClCompile Include="PWType.cpp">
      <Filter>Wrappers\Types</Filter>
    </ClCompile>
    <ClCompile Include="PWMaybeType.cpp">
      <Filter>Wrappers\Types</Filter>
    </ClCompile>
    <ClCompile Include="PWLambda.cpp">
      <Filter>Wrappers\Values</Filter>
    </ClCompile>
    <ClCompile Include="PWObject.cpp">
      <Filter>Wrappers\Values</Filter>
    </ClCompile>
    <ClCompile Include="PWPartialApp.cpp">
      <Filter>Wrappers\Values</Filter>
    </ClCompile>
    <ClCompile Include="PWRecord.cpp">
      <Filter>Wrappers\Values</Filter>
    </ClCompile>
    <ClCompile Include="PWRefValue.cpp">
      <Filter>Wrappers\Values</Filter>
    </ClCompile>
    <ClCompile Include="PWStructVal.cpp">
      <Filter>Wrappers\Values</Filter>
    </ClCompile>
    <ClCompile Include="PWCastData.cpp">
      <Filter>Wrappers\Helpers</Filter>
    </ClCompile>
    <ClCompile Include="PWCastFunction.cpp">
      <Filter>Wrappers\Helpers</Filter>
    </ClCompile>
    <ClCompile Include="PWCheckReturnValueFunction.cpp">
      <Filter>Wrappers\Helpers</Filter>
    </ClCompile>
    <ClCompile Include="PWSignature.cpp">
      <Filter>Wrappers\Helpers</Filter>
    </ClCompile>
    <ClCompile Include="PWSubstStack.cpp">
      <Filter>Wrappers\Helpers</Filter>
    </ClCompile>
    <ClCompile Include="PWSuperInstance.cpp">
      <Filter>Wrappers\Helpers</Filter>
    </ClCompile>
    <ClCompile Include="PWClass.cpp">
      <Filter>Wrappers\Globals</Filter>
    </ClCompile>
    <ClCompile Include="PWInterface.cpp">
      <Filter>Wrappers\Globals</Filter>
    </ClCompile>
    <ClCompile Include="PWVTable.cpp">
      <Filter>Wrappers\Globals</Filter>
    </ClCompile>
    <ClCompile Include="PWClassType.cpp">
      <Filter>Wrappers\Types</Filter>
    </ClCompile>
    <ClCompile Include="PWInstanceType.cpp">
      <Filter>Wrappers\Types</Filter>
    </ClCompile>
    <ClCompile Include="PWNomType.cpp">
      <Filter>Wrappers\Helpers</Filter>
    </ClCompile>
    <ClCompile Include="PWArr.cpp">
      <Filter>Wrappers\Helpers</Filter>
    </ClCompile>
    <ClCompile Include="PWInt.cpp">
      <Filter>Wrappers\Values</Filter>
    </ClCompile>
    <ClCompile Include="PWFloat.cpp">
      <Filter>Wrappers\Values</Filter>
    </ClCompile>
    <ClCompile Include="PWPtr.cpp">
      <Filter>Wrappers\Values</Filter>
    </ClCompile>
    <ClCompile Include="PWDispatchPair.cpp">
      <Filter>Wrappers\Helpers</Filter>
    </ClCompile>
    <ClCompile Include="PWIMTFunction.cpp">
      <Filter>Wrappers\Helpers</Filter>
    </ClCompile>
    <ClCompile Include="PWStructDict.cpp">
      <Filter>Wrappers\Helpers</Filter>
    </ClCompile>
    <ClCompile Include="gcinclude_config.cpp">
      <Filter>Source Files</Filter>
    </ClCompile>
    <ClCompile Include="RTValue.cpp">
      <Filter>Values</Filter>
    </ClCompile>
    <ClCompile Include="RTRawInt.cpp">
      <Filter>Values</Filter>
    </ClCompile>
    <ClCompile Include="RTRawFloat.cpp">
      <Filter>Values</Filter>
    </ClCompile>
    <ClCompile Include="RTObject.cpp">
      <Filter>Values</Filter>
    </ClCompile>
    <ClCompile Include="RTRefValue.cpp">
      <Filter>Values</Filter>
    </ClCompile>
    <ClCompile Include="RTPackedValue.cpp">
      <Filter>Values</Filter>
    </ClCompile>
    <ClCompile Include="RTRecordValue.cpp">
      <Filter>Values</Filter>
    </ClCompile>
    <ClCompile Include="RTLambdaValue.cpp">
      <Filter>Values</Filter>
    </ClCompile>
    <ClCompile Include="RTPartialAppValue.cpp">
      <Filter>Values</Filter>
    </ClCompile>
    <ClCompile Include="RTRawBool.cpp">
      <Filter>Values</Filter>
    </ClCompile>
    <ClCompile Include="RTVMPtr.cpp">
      <Filter>Values</Filter>
    </ClCompile>
    <ClCompile Include="PWPacked.cpp">
      <Filter>Wrappers\Values</Filter>
    </ClCompile>
  </ItemGroup>
  <ItemGroup>
    <ClInclude Include="resource.h">
      <Filter>Header Files</Filter>
    </ClInclude>
    <ClInclude Include="instructions\ArgumentInstruction.h">
      <Filter>Instructions</Filter>
    </ClInclude>
    <ClInclude Include="instructions\LoadStringConstantInstruction.h">
      <Filter>Instructions</Filter>
    </ClInclude>
    <ClInclude Include="instructions\CallCheckedInstanceMethod.h">
      <Filter>Instructions</Filter>
    </ClInclude>
    <ClInclude Include="instructions\ReturnInstruction.h">
      <Filter>Instructions</Filter>
    </ClInclude>
    <ClInclude Include="instructions\PhiNode.h">
      <Filter>Instructions</Filter>
    </ClInclude>
    <ClInclude Include="NomValueInstruction.h">
      <Filter>Instructions</Filter>
    </ClInclude>
    <ClInclude Include="instructions\NoopInstruction.h">
      <Filter>Instructions</Filter>
    </ClInclude>
    <ClInclude Include="NomInstruction.h">
      <Filter>Instructions</Filter>
    </ClInclude>
    <ClInclude Include="instructions\CallCheckedStaticMethod.h">
      <Filter>Instructions</Filter>
    </ClInclude>
    <ClInclude Include="Util.h">
      <Filter>Common</Filter>
    </ClInclude>
    <ClInclude Include="TypeList.h">
      <Filter>Common</Filter>
    </ClInclude>
    <ClInclude Include="StringClass.h">
      <Filter>Library</Filter>
    </ClInclude>
    <ClInclude Include="Runtime.h">
      <Filter>Runtime</Filter>
    </ClInclude>
    <ClInclude Include="ObjectClass.h">
      <Filter>Library</Filter>
    </ClInclude>
    <ClInclude Include="NullClass.h">
      <Filter>Library</Filter>
    </ClInclude>
    <ClInclude Include="NomVMInterface.h">
      <Filter>Runtime</Filter>
    </ClInclude>
    <ClInclude Include="NomRuntime.h">
      <Filter>Runtime</Filter>
    </ClInclude>
    <ClInclude Include="NomJIT.h">
      <Filter>Runtime</Filter>
    </ClInclude>
    <ClInclude Include="NomInstantiationRef.h">
      <Filter>Intermediate Representation</Filter>
    </ClInclude>
    <ClInclude Include="NomString.h">
      <Filter>Intermediate Representation</Filter>
    </ClInclude>
    <ClInclude Include="NomConstants.h">
      <Filter>Intermediate Representation</Filter>
    </ClInclude>
    <ClInclude Include="CompileEnv.h">
      <Filter>Common</Filter>
    </ClInclude>
    <ClInclude Include="ClassTypeList.h">
      <Filter>Common</Filter>
    </ClInclude>
    <ClInclude Include="Context.h">
      <Filter>Common</Filter>
    </ClInclude>
    <ClInclude Include="Defs.h">
      <Filter>Common</Filter>
    </ClInclude>
    <ClInclude Include="instructions\CallDispatchBestMethod.h">
      <Filter>Instructions</Filter>
    </ClInclude>
    <ClInclude Include="BytecodeReader.h">
      <Filter>Parse</Filter>
    </ClInclude>
    <ClInclude Include="CharStream.h">
      <Filter>Common</Filter>
    </ClInclude>
    <ClInclude Include="ManifestReader.h">
      <Filter>Parse</Filter>
    </ClInclude>
    <ClInclude Include="AssemblyUnit.h">
      <Filter>Intermediate Representation</Filter>
    </ClInclude>
    <ClInclude Include="Loader.h">
      <Filter>Parse</Filter>
    </ClInclude>
    <ClInclude Include="LibraryVersion.h">
      <Filter>Parse</Filter>
    </ClInclude>
    <ClInclude Include="Library.h">
      <Filter>Parse</Filter>
    </ClInclude>
    <ClInclude Include="LibraryDependency.h">
      <Filter>Parse</Filter>
    </ClInclude>
    <ClInclude Include="VersionNumber.h">
      <Filter>Parse</Filter>
    </ClInclude>
    <ClInclude Include="LibrarySource.h">
      <Filter>Parse</Filter>
    </ClInclude>
    <ClInclude Include="ComponentSource.h">
      <Filter>Parse</Filter>
    </ClInclude>
    <ClInclude Include="StringDict.h">
      <Filter>Common</Filter>
    </ClInclude>
    <ClInclude Include="Directory.h">
      <Filter>FileSystem</Filter>
    </ClInclude>
    <ClInclude Include="File.h">
      <Filter>FileSystem</Filter>
    </ClInclude>
    <ClInclude Include="Path.h">
      <Filter>FileSystem</Filter>
    </ClInclude>
    <ClInclude Include="instructions\DebugInstruction.h">
      <Filter>Instructions</Filter>
    </ClInclude>
    <ClInclude Include="instructions\ReturnVoidInstruction.h">
      <Filter>Instructions</Filter>
    </ClInclude>
    <ClInclude Include="VoidClass.h">
      <Filter>Library</Filter>
    </ClInclude>
    <ClInclude Include="instructions\LoadIntConstantInstruction.h">
      <Filter>Instructions</Filter>
    </ClInclude>
    <ClInclude Include="instructions\BinOpInstruction.h">
      <Filter>Instructions</Filter>
    </ClInclude>
    <ClInclude Include="BoolClass.h">
      <Filter>Library</Filter>
    </ClInclude>
    <ClInclude Include="FloatClass.h">
      <Filter>Library</Filter>
    </ClInclude>
    <ClInclude Include="IntClass.h">
      <Filter>Library</Filter>
    </ClInclude>
    <ClInclude Include="RTModule.h">
      <Filter>Runtime Data</Filter>
    </ClInclude>
    <ClInclude Include="RTInterfaceTableEntry.h">
      <Filter>Runtime Data</Filter>
    </ClInclude>
    <ClInclude Include="ARTRep.h">
      <Filter>Runtime Data</Filter>
    </ClInclude>
    <ClInclude Include="NomTypeRegistry.h">
      <Filter>Runtime</Filter>
    </ClInclude>
    <ClInclude Include="AvailableExternally.h">
      <Filter>Intermediate Representation</Filter>
    </ClInclude>
    <ClInclude Include="NomMemberContext.h">
      <Filter>Intermediate Representation</Filter>
    </ClInclude>
    <ClInclude Include="GloballyNamed.h">
      <Filter>Intermediate Representation</Filter>
    </ClInclude>
    <ClInclude Include="NomValue.h">
      <Filter>Intermediate Representation</Filter>
    </ClInclude>
    <ClInclude Include="NomTypeVarValue.h">
      <Filter>Intermediate Representation</Filter>
    </ClInclude>
    <ClInclude Include="instructions\CallConstructor.h">
      <Filter>Instructions</Filter>
    </ClInclude>
    <ClInclude Include="instructions\WriteFieldInstruction.h">
      <Filter>Instructions</Filter>
    </ClInclude>
    <ClInclude Include="instructions\ReadFieldInstruction.h">
      <Filter>Instructions</Filter>
    </ClInclude>
    <ClInclude Include="NomField.h">
      <Filter>Intermediate Representation</Filter>
    </ClInclude>
    <ClInclude Include="instructions\CastInstruction.h">
      <Filter>Instructions</Filter>
    </ClInclude>
    <ClInclude Include="pugixml\pugiconfig.hpp">
      <Filter>Header Files</Filter>
    </ClInclude>
    <ClInclude Include="pugixml\pugixml.hpp">
      <Filter>Header Files</Filter>
    </ClInclude>
    <ClInclude Include="FileSysDefs.h">
      <Filter>FileSystem</Filter>
    </ClInclude>
    <ClInclude Include="NomJITLight.h">
      <Filter>Runtime</Filter>
    </ClInclude>
    <ClInclude Include="GlobalNameAddressLookupList.h">
      <Filter>Common</Filter>
    </ClInclude>
    <ClInclude Include="instructions\CondBranchInstruction.h">
      <Filter>Instructions</Filter>
    </ClInclude>
    <ClInclude Include="TypeOperations.h">
      <Filter>Common</Filter>
    </ClInclude>
    <ClInclude Include="FunInterface.h">
      <Filter>Library</Filter>
    </ClInclude>
    <ClInclude Include="instructions\BranchInstruction.h">
      <Filter>Instructions</Filter>
    </ClInclude>
    <ClInclude Include="BytecodeTopReadHandler.h">
      <Filter>Parse</Filter>
    </ClInclude>
    <ClInclude Include="TimerClass.h">
      <Filter>Library</Filter>
    </ClInclude>
    <ClInclude Include="NomNameRepository.h">
      <Filter>Intermediate Representation</Filter>
    </ClInclude>
    <ClInclude Include="CompileHelpers.h">
      <Filter>Common</Filter>
    </ClInclude>
    <ClInclude Include="RTOutput.h">
      <Filter>Runtime</Filter>
    </ClInclude>
    <ClInclude Include="Singleton.h">
      <Filter>Common</Filter>
    </ClInclude>
    <ClInclude Include="ExpandoObjectClass.h">
      <Filter>Library</Filter>
    </ClInclude>
    <ClInclude Include="RTDictionary.h">
      <Filter>Runtime</Filter>
    </ClInclude>
    <ClInclude Include="instructions\CreateClosure.h">
      <Filter>Instructions</Filter>
    </ClInclude>
    <ClInclude Include="NomMethodTableEntry.h">
      <Filter>Intermediate Representation</Filter>
    </ClInclude>
    <ClInclude Include="RTSignature.h">
      <Filter>Runtime Data</Filter>
    </ClInclude>
    <ClInclude Include="ConfigurationConstants.h">
      <Filter>Common</Filter>
    </ClInclude>
    <ClInclude Include="instructions\ConstructStruct.h">
      <Filter>Instructions</Filter>
    </ClInclude>
    <ClInclude Include="instructions\LoadBoolConstantInstruction.h">
      <Filter>Instructions</Filter>
    </ClInclude>
    <ClInclude Include="instructions\ErrorInstruction.h">
      <Filter>Instructions</Filter>
    </ClInclude>
    <ClInclude Include="instructions\RTCmdInstruction.h">
      <Filter>Instructions</Filter>
    </ClInclude>
    <ClInclude Include="DLLExport.h">
      <Filter>Common</Filter>
    </ClInclude>
    <ClInclude Include="NomSubstitutionContext.h">
      <Filter>Intermediate Representation</Filter>
    </ClInclude>
    <ClInclude Include="IComparableInterface.h">
      <Filter>Library</Filter>
    </ClInclude>
    <ClInclude Include="NomTypeParameter.h">
      <Filter>Intermediate Representation</Filter>
    </ClInclude>
    <ClInclude Include="IPairInterface.h">
      <Filter>Library</Filter>
    </ClInclude>
    <ClInclude Include="NomValuePrimitiveCases.h">
      <Filter>Intermediate Representation</Filter>
    </ClInclude>
    <ClInclude Include="LoadFloatConstantInstruction.h">
      <Filter>Instructions</Filter>
    </ClInclude>
    <ClInclude Include="CallingConvConf.h">
      <Filter>Common</Filter>
    </ClInclude>
    <ClInclude Include="IMT.h">
      <Filter>Runtime Data</Filter>
    </ClInclude>
    <ClInclude Include="ArrayListClass.h">
      <Filter>Library</Filter>
    </ClInclude>
    <ClInclude Include="IEnumerableInterface.h">
      <Filter>Library</Filter>
    </ClInclude>
    <ClInclude Include="IEnumeratorInterface.h">
      <Filter>Library</Filter>
    </ClInclude>
    <ClInclude Include="MathClass.h">
      <Filter>Library</Filter>
    </ClInclude>
    <ClInclude Include="RangeClass.h">
      <Filter>Library</Filter>
    </ClInclude>
    <ClInclude Include="Manifest.h">
      <Filter>Parse</Filter>
    </ClInclude>
    <ClInclude Include="LoadNullConstantInstruction.h">
      <Filter>Instructions</Filter>
    </ClInclude>
    <ClInclude Include="UnaryOpInstruction.h">
      <Filter>Instructions</Filter>
    </ClInclude>
    <ClInclude Include="RTCompileConfig.h">
      <Filter>Runtime</Filter>
    </ClInclude>
    <ClInclude Include="EnsureCheckedMethodInstruction.h">
      <Filter>Instructions</Filter>
    </ClInclude>
    <ClInclude Include="EnsureDynamicMethodInstruction.h">
      <Filter>Instructions</Filter>
    </ClInclude>
    <ClInclude Include="Metadata.h">
      <Filter>Common</Filter>
    </ClInclude>
    <ClInclude Include="ObjectHeader.h">
      <Filter>Runtime Data\Headers</Filter>
    </ClInclude>
    <ClInclude Include="LambdaHeader.h">
      <Filter>Runtime Data\Headers</Filter>
    </ClInclude>
    <ClInclude Include="PartialAppHeader.h">
      <Filter>Runtime Data\Headers</Filter>
    </ClInclude>
    <ClInclude Include="RefValueHeader.h">
      <Filter>Runtime Data\Headers</Filter>
    </ClInclude>
    <ClInclude Include="RecordHeader.h">
      <Filter>Runtime Data\Headers</Filter>
    </ClInclude>
    <ClInclude Include="RTVTable.h">
      <Filter>Runtime Data\VTables</Filter>
    </ClInclude>
    <ClInclude Include="RTClassType.h">
      <Filter>Runtime Data\Types</Filter>
    </ClInclude>
    <ClInclude Include="RTTypeHead.h">
      <Filter>Runtime Data\Types</Filter>
    </ClInclude>
    <ClInclude Include="RTDynamicType.h">
      <Filter>Runtime Data\Types</Filter>
    </ClInclude>
    <ClInclude Include="RTInstanceType.h">
      <Filter>Runtime Data\Types</Filter>
    </ClInclude>
    <ClInclude Include="RTMaybeType.h">
      <Filter>Runtime Data\Types</Filter>
    </ClInclude>
    <ClInclude Include="RTTypeVar.h">
      <Filter>Runtime Data\Types</Filter>
    </ClInclude>
    <ClInclude Include="StructuralValueHeader.h">
      <Filter>Runtime Data\Headers</Filter>
    </ClInclude>
    <ClInclude Include="RTRecord.h">
      <Filter>Runtime Data\VTables</Filter>
    </ClInclude>
    <ClInclude Include="RTPartialApp.h">
      <Filter>Runtime Data\VTables</Filter>
    </ClInclude>
    <ClInclude Include="RTLambda.h">
      <Filter>Runtime Data\VTables</Filter>
    </ClInclude>
    <ClInclude Include="RTInterface.h">
      <Filter>Runtime Data\VTables</Filter>
    </ClInclude>
    <ClInclude Include="RTClass.h">
      <Filter>Runtime Data\VTables</Filter>
    </ClInclude>
    <ClInclude Include="NomBottomType.h">
      <Filter>Intermediate Representation\Types</Filter>
    </ClInclude>
    <ClInclude Include="NomClassType.h">
      <Filter>Intermediate Representation\Types</Filter>
    </ClInclude>
    <ClInclude Include="NomDynamicType.h">
      <Filter>Intermediate Representation\Types</Filter>
    </ClInclude>
    <ClInclude Include="NomMaybeType.h">
      <Filter>Intermediate Representation\Types</Filter>
    </ClInclude>
    <ClInclude Include="NomTopType.h">
      <Filter>Intermediate Representation\Types</Filter>
    </ClInclude>
    <ClInclude Include="NomTypeVar.h">
      <Filter>Intermediate Representation\Types</Filter>
    </ClInclude>
    <ClInclude Include="NomType.h">
      <Filter>Intermediate Representation\Types</Filter>
    </ClInclude>
    <ClInclude Include="NomTypeDecls.h">
      <Filter>Intermediate Representation\Types</Filter>
    </ClInclude>
    <ClInclude Include="NomCallable.h">
      <Filter>Intermediate Representation\Callables</Filter>
    </ClInclude>
    <ClInclude Include="NomCallableVersion.h">
      <Filter>Intermediate Representation\Callables</Filter>
    </ClInclude>
    <ClInclude Include="NomMethod.h">
      <Filter>Intermediate Representation\Callables</Filter>
    </ClInclude>
    <ClInclude Include="NomRecordMethod.h">
      <Filter>Intermediate Representation\Callables</Filter>
    </ClInclude>
    <ClInclude Include="NomStaticMethod.h">
      <Filter>Intermediate Representation\Callables</Filter>
    </ClInclude>
    <ClInclude Include="NomPartialApplication.h">
      <Filter>Intermediate Representation\Callables</Filter>
    </ClInclude>
    <ClInclude Include="NomClass.h">
      <Filter>Intermediate Representation\Data</Filter>
    </ClInclude>
    <ClInclude Include="NomInterface.h">
      <Filter>Intermediate Representation\Data</Filter>
    </ClInclude>
    <ClInclude Include="NomLambda.h">
      <Filter>Intermediate Representation\Data</Filter>
    </ClInclude>
    <ClInclude Include="NomNamed.h">
      <Filter>Intermediate Representation\Data</Filter>
    </ClInclude>
    <ClInclude Include="NomRecord.h">
      <Filter>Intermediate Representation\Data</Filter>
    </ClInclude>
    <ClInclude Include="NomModule.h">
      <Filter>Intermediate Representation\Data</Filter>
    </ClInclude>
    <ClInclude Include="NomSignature.h">
      <Filter>Intermediate Representation\Callables</Filter>
    </ClInclude>
    <ClInclude Include="NomInterfaceCallTag.h">
      <Filter>Intermediate Representation\CallTags</Filter>
    </ClInclude>
    <ClInclude Include="NomProgram.h">
      <Filter>Intermediate Representation\Data</Filter>
    </ClInclude>
    <ClInclude Include="NomLambdaCallTag.h">
      <Filter>Intermediate Representation\CallTags</Filter>
    </ClInclude>
    <ClInclude Include="NomRecordCallTag.h">
      <Filter>Intermediate Representation\CallTags</Filter>
    </ClInclude>
    <ClInclude Include="NomConstructor.h">
      <Filter>Intermediate Representation\Callables</Filter>
    </ClInclude>
    <ClInclude Include="NomBuilder.h">
      <Filter>Common</Filter>
    </ClInclude>
    <ClInclude Include="SourcePos.h">
      <Filter>Common</Filter>
    </ClInclude>
    <ClInclude Include="RTTypeEq.h">
      <Filter>Runtime\Typing</Filter>
    </ClInclude>
    <ClInclude Include="RTSubtyping.h">
      <Filter>Runtime\Typing</Filter>
    </ClInclude>
    <ClInclude Include="RTSubstStack.h">
      <Filter>Runtime\Typing</Filter>
    </ClInclude>
    <ClInclude Include="RTDisjointness.h">
      <Filter>Runtime\Typing</Filter>
    </ClInclude>
    <ClInclude Include="RTCast.h">
      <Filter>Runtime\Typing</Filter>
    </ClInclude>
    <ClInclude Include="CastStats.h">
      <Filter>Runtime\Statistics</Filter>
    </ClInclude>
    <ClInclude Include="FunctionTimings.h">
      <Filter>Runtime\Statistics</Filter>
    </ClInclude>
    <ClInclude Include="BoehmAllocator.h">
      <Filter>Runtime\Memory</Filter>
    </ClInclude>
    <ClInclude Include="BoehmAtomicAllocator.h">
      <Filter>Runtime\Memory</Filter>
    </ClInclude>
    <ClInclude Include="BoehmContainers.h">
      <Filter>Runtime\Memory</Filter>
    </ClInclude>
    <ClInclude Include="boehmgcinterface.h">
      <Filter>Runtime\Memory</Filter>
    </ClInclude>
    <ClInclude Include="BoehmUncollectableAllocator.h">
      <Filter>Runtime\Memory</Filter>
    </ClInclude>
    <ClInclude Include="gcinclude_config.h">
      <Filter>Runtime\Memory</Filter>
    </ClInclude>
    <ClInclude Include="NomAlloc.h">
      <Filter>Runtime\Memory</Filter>
    </ClInclude>
    <ClInclude Include="RTConfig.h">
      <Filter>Runtime\Config</Filter>
    </ClInclude>
    <ClInclude Include="RTConfig_LambdaOpt.h">
      <Filter>Runtime\Config</Filter>
    </ClInclude>
    <ClInclude Include="PWrapper.h">
      <Filter>Wrappers</Filter>
    </ClInclude>
    <ClInclude Include="PWTypeVar.h">
      <Filter>Wrappers\Types</Filter>
    </ClInclude>
    <ClInclude Include="PWTypeArr.h">
      <Filter>Wrappers\Types</Filter>
    </ClInclude>
    <ClInclude Include="PWType.h">
      <Filter>Wrappers\Types</Filter>
    </ClInclude>
    <ClInclude Include="PWMaybeType.h">
      <Filter>Wrappers\Types</Filter>
    </ClInclude>
    <ClInclude Include="PWLambda.h">
      <Filter>Wrappers\Values</Filter>
    </ClInclude>
    <ClInclude Include="PWObject.h">
      <Filter>Wrappers\Values</Filter>
    </ClInclude>
    <ClInclude Include="PWPartialApp.h">
      <Filter>Wrappers\Values</Filter>
    </ClInclude>
    <ClInclude Include="PWRecord.h">
      <Filter>Wrappers\Values</Filter>
    </ClInclude>
    <ClInclude Include="PWRefValue.h">
      <Filter>Wrappers\Values</Filter>
    </ClInclude>
    <ClInclude Include="PWStructVal.h">
      <Filter>Wrappers\Values</Filter>
    </ClInclude>
    <ClInclude Include="PWCastData.h">
      <Filter>Wrappers\Helpers</Filter>
    </ClInclude>
    <ClInclude Include="PWCastFunction.h">
      <Filter>Wrappers\Helpers</Filter>
    </ClInclude>
    <ClInclude Include="PWCheckReturnValueFunction.h">
      <Filter>Wrappers\Helpers</Filter>
    </ClInclude>
    <ClInclude Include="PWSignature.h">
      <Filter>Wrappers\Helpers</Filter>
    </ClInclude>
    <ClInclude Include="PWSubstStack.h">
      <Filter>Wrappers\Helpers</Filter>
    </ClInclude>
    <ClInclude Include="PWSuperInstance.h">
      <Filter>Wrappers\Helpers</Filter>
    </ClInclude>
    <ClInclude Include="PWClass.h">
      <Filter>Wrappers\Globals</Filter>
    </ClInclude>
    <ClInclude Include="PWInterface.h">
      <Filter>Wrappers\Globals</Filter>
    </ClInclude>
    <ClInclude Include="PWVTable.h">
      <Filter>Wrappers\Globals</Filter>
    </ClInclude>
    <ClInclude Include="PWClassType.h">
      <Filter>Wrappers\Types</Filter>
    </ClInclude>
    <ClInclude Include="PWInstanceType.h">
      <Filter>Wrappers\Types</Filter>
    </ClInclude>
    <ClInclude Include="PWNomType.h">
      <Filter>Wrappers\Helpers</Filter>
    </ClInclude>
    <ClInclude Include="PWArr.h">
      <Filter>Wrappers\Helpers</Filter>
    </ClInclude>
    <ClInclude Include="PWInt.h">
      <Filter>Wrappers\Values</Filter>
    </ClInclude>
    <ClInclude Include="PWFloat.h">
      <Filter>Wrappers\Values</Filter>
    </ClInclude>
    <ClInclude Include="PWPtr.h">
      <Filter>Wrappers\Values</Filter>
    </ClInclude>
    <ClInclude Include="Diagnostics.h">
      <Filter>Header Files</Filter>
    </ClInclude>
    <ClInclude Include="PWDispatchPair.h">
      <Filter>Wrappers\Helpers</Filter>
    </ClInclude>
    <ClInclude Include="PWIMTFunction.h">
      <Filter>Wrappers\Helpers</Filter>
    </ClInclude>
    <ClInclude Include="PWStructDict.h">
      <Filter>Wrappers\Helpers</Filter>
    </ClInclude>
    <ClInclude Include="PWPhi.h">
      <Filter>Wrappers\Helpers</Filter>
    </ClInclude>
    <ClInclude Include="PWVMPtr.h">
      <Filter>Wrappers\Values</Filter>
    </ClInclude>
    <ClInclude Include="RTValue.h">
      <Filter>Values</Filter>
    </ClInclude>
    <ClInclude Include="RTRawInt.h">
      <Filter>Values</Filter>
    </ClInclude>
    <ClInclude Include="RTRawFloat.h">
      <Filter>Values</Filter>
    </ClInclude>
    <ClInclude Include="RTObject.h">
      <Filter>Values</Filter>
    </ClInclude>
    <ClInclude Include="RTRefValue.h">
      <Filter>Values</Filter>
    </ClInclude>
    <ClInclude Include="RTPackedValue.h">
      <Filter>Values</Filter>
    </ClInclude>
    <ClInclude Include="RTRecordValue.h">
      <Filter>Values</Filter>
    </ClInclude>
    <ClInclude Include="RTLambdaValue.h">
      <Filter>Values</Filter>
    </ClInclude>
    <ClInclude Include="RTPartialAppValue.h">
      <Filter>Values</Filter>
    </ClInclude>
    <ClInclude Include="RTRawBool.h">
      <Filter>Values</Filter>
    </ClInclude>
    <ClInclude Include="RTVMPtr.h">
      <Filter>Values</Filter>
    </ClInclude>
    <ClInclude Include="PWPacked.h">
      <Filter>Wrappers\Values</Filter>
    </ClInclude>
  </ItemGroup>
  <ItemGroup>
    <ResourceCompile Include="Runtime.rc">
      <Filter>Resource Files</Filter>
    </ResourceCompile>
  </ItemGroup>
</Project>