<?xml version="1.0" encoding="utf-8"?>
<Project ToolsVersion="4.0" xmlns="http://schemas.microsoft.com/developer/msbuild/2003">
  <ItemGroup>
    <Filter Include="Source Files">
      <UniqueIdentifier>{4FC737F1-C7A5-4376-A066-2A32D752A2FF}</UniqueIdentifier>
      <Extensions>cpp;c;cc;cxx;def;odl;idl;hpj;bat;asm;asmx</Extensions>
    </Filter>
    <Filter Include="Header Files">
      <UniqueIdentifier>{93995380-89BD-4b04-88EB-625FBE52EBFB}</UniqueIdentifier>
      <Extensions>h;hh;hpp;hxx;hm;inl;inc;xsd</Extensions>
    </Filter>
    <Filter Include="Resource Files">
      <UniqueIdentifier>{67DA6AB6-F800-4c08-8B7A-83BB121AAD01}</UniqueIdentifier>
      <Extensions>rc;ico;cur;bmp;dlg;rc2;rct;bin;rgs;gif;jpg;jpeg;jpe;resx;tiff;tif;png;wav;mfcribbon-ms</Extensions>
    </Filter>
    <Filter Include="Instructions">
      <UniqueIdentifier>{d2205d49-cde7-455e-977b-bdb8da63ea32}</UniqueIdentifier>
    </Filter>
    <Filter Include="Runtime Data">
      <UniqueIdentifier>{b8abf4e2-58c0-4e72-8900-d5f39bae5668}</UniqueIdentifier>
    </Filter>
    <Filter Include="Intermediate Representation">
      <UniqueIdentifier>{3c29d5c6-62bd-47c0-a314-2f5a3e23c0de}</UniqueIdentifier>
    </Filter>
    <Filter Include="Common">
      <UniqueIdentifier>{b7aff308-7d32-48b7-a7c7-a96fcd2ceeae}</UniqueIdentifier>
    </Filter>
    <Filter Include="Runtime">
      <UniqueIdentifier>{fcfe7ab3-4ea9-40dd-b63c-0a8bac43e49d}</UniqueIdentifier>
    </Filter>
    <Filter Include="Library">
      <UniqueIdentifier>{2d722235-2096-46d5-b358-959295ebc2f5}</UniqueIdentifier>
    </Filter>
    <Filter Include="Parse">
      <UniqueIdentifier>{ff61a617-8e97-4f15-99b6-70eeea3611bc}</UniqueIdentifier>
    </Filter>
    <Filter Include="FileSystem">
      <UniqueIdentifier>{e69c1f81-d30f-458b-8c78-26dbb152ee57}</UniqueIdentifier>
    </Filter>
    <Filter Include="Runtime Data\Headers">
      <UniqueIdentifier>{3ca03b13-6f64-42f0-bcf9-a54dd149b16e}</UniqueIdentifier>
    </Filter>
    <Filter Include="Runtime Data\VTables">
      <UniqueIdentifier>{f6513683-478f-4bbe-a75e-c96321b022dc}</UniqueIdentifier>
    </Filter>
    <Filter Include="Runtime Data\Types">
      <UniqueIdentifier>{259a31df-3e3f-4899-97e8-26d6d8b84cd3}</UniqueIdentifier>
    </Filter>
    <Filter Include="Intermediate Representation\Callables">
      <UniqueIdentifier>{f3f2237b-5ab5-4789-a571-ba35a60a2dbd}</UniqueIdentifier>
    </Filter>
    <Filter Include="Intermediate Representation\Types">
      <UniqueIdentifier>{2cbf4dc7-c086-44ae-bd3d-c96d3e504f51}</UniqueIdentifier>
    </Filter>
    <Filter Include="Intermediate Representation\Data">
      <UniqueIdentifier>{7898c7ed-74bd-4ade-b4b3-f556d3689fba}</UniqueIdentifier>
    </Filter>
    <Filter Include="Intermediate Representation\CallTags">
      <UniqueIdentifier>{c520a4e5-2cdd-4a01-9c00-301a263eb6bb}</UniqueIdentifier>
    </Filter>
    <Filter Include="Runtime\Typing">
      <UniqueIdentifier>{1074cef3-eeee-49f0-8dfd-93bd7c8eb0bd}</UniqueIdentifier>
    </Filter>
    <Filter Include="Runtime\Statistics">
      <UniqueIdentifier>{55bfbe05-eb58-4855-b598-e445d30abf93}</UniqueIdentifier>
    </Filter>
    <Filter Include="Runtime\Memory">
      <UniqueIdentifier>{9aaf847a-26c9-4432-9a2c-c0f39d46f2c7}</UniqueIdentifier>
    </Filter>
    <Filter Include="Runtime\Config">
      <UniqueIdentifier>{c71a7b2b-d8b7-4603-8da7-6043dd1e6f96}</UniqueIdentifier>
    </Filter>
  </ItemGroup>
  <ItemGroup>
    <ClCompile Include="instructions\CallCheckedStaticMethod.cpp">
      <Filter>Instructions</Filter>
    </ClCompile>
    <ClCompile Include="instructions\ArgumentInstruction.cpp">
      <Filter>Instructions</Filter>
    </ClCompile>
    <ClCompile Include="instructions\LoadStringConstantInstruction.cpp">
      <Filter>Instructions</Filter>
    </ClCompile>
    <ClCompile Include="instructions\NoopInstruction.cpp">
      <Filter>Instructions</Filter>
    </ClCompile>
    <ClCompile Include="instructions\PhiNode.cpp">
      <Filter>Instructions</Filter>
    </ClCompile>
    <ClCompile Include="instructions\ReturnInstruction.cpp">
      <Filter>Instructions</Filter>
    </ClCompile>
    <ClCompile Include="instructions\NomInstruction.cpp">
      <Filter>Instructions</Filter>
    </ClCompile>
    <ClCompile Include="instructions\NomValueInstruction.cpp">
      <Filter>Instructions</Filter>
    </ClCompile>
    <ClCompile Include="Runtime\NomVMInterface.cpp">
      <Filter>Runtime</Filter>
    </ClCompile>
    <ClCompile Include="Runtime\NomRuntime.cpp">
      <Filter>Runtime</Filter>
    </ClCompile>
    <ClCompile Include="Runtime\Runtime.cpp">
      <Filter>Runtime</Filter>
    </ClCompile>
    <ClCompile Include="Runtime\NomJIT.cpp">
      <Filter>Runtime</Filter>
    </ClCompile>
    <ClCompile Include="Common\ClassTypeList.cpp">
      <Filter>Common</Filter>
    </ClCompile>
    <ClCompile Include="Common\CompileEnv.cpp">
      <Filter>Common</Filter>
    </ClCompile>
    <ClCompile Include="Common\TypeList.cpp">
      <Filter>Common</Filter>
    </ClCompile>
    <ClCompile Include="Common\Util.cpp">
      <Filter>Common</Filter>
    </ClCompile>
    <ClCompile Include="Library\ObjectClass.cpp">
      <Filter>Library</Filter>
    </ClCompile>
    <ClCompile Include="Library\NullClass.cpp">
      <Filter>Library</Filter>
    </ClCompile>
    <ClCompile Include="Library\StringClass.cpp">
      <Filter>Library</Filter>
    </ClCompile>
    <ClCompile Include="Intermediate_Representation\NomConstants.cpp">
      <Filter>Intermediate Representation</Filter>
    </ClCompile>
    <ClCompile Include="instructions\CallDispatchBestMethod.cpp">
      <Filter>Instructions</Filter>
    </ClCompile>
    <ClCompile Include="instructions\CallCheckedInstanceMethod.cpp">
      <Filter>Instructions</Filter>
    </ClCompile>
    <ClCompile Include="Parse\BytecodeReader.cpp">
      <Filter>Parse</Filter>
    </ClCompile>
    <ClCompile Include="Common\CharStream.cpp">
      <Filter>Common</Filter>
    </ClCompile>
    <ClCompile Include="Parse\ManifestReader.cpp">
      <Filter>Parse</Filter>
    </ClCompile>
    <ClCompile Include="Intermediate_Representation\AssemblyUnit.cpp">
      <Filter>Intermediate Representation</Filter>
    </ClCompile>
    <ClCompile Include="Parse\Loader.cpp">
      <Filter>Parse</Filter>
    </ClCompile>
    <ClCompile Include="Parse\LibraryVersion.cpp">
      <Filter>Parse</Filter>
    </ClCompile>
    <ClCompile Include="Parse\Library.cpp">
      <Filter>Parse</Filter>
    </ClCompile>
    <ClCompile Include="Parse\LibraryDependency.cpp">
      <Filter>Parse</Filter>
    </ClCompile>
    <ClCompile Include="Common\Context.cpp">
      <Filter>Common</Filter>
    </ClCompile>
    <ClCompile Include="Parse\LibrarySource.cpp">
      <Filter>Parse</Filter>
    </ClCompile>
    <ClCompile Include="Parse\ComponentSource.cpp">
      <Filter>Parse</Filter>
    </ClCompile>
    <ClCompile Include="FileSystem\Directory.cpp">
      <Filter>FileSystem</Filter>
    </ClCompile>
    <ClCompile Include="FileSystem\File.cpp">
      <Filter>FileSystem</Filter>
    </ClCompile>
    <ClCompile Include="FileSystem\Path.cpp">
      <Filter>FileSystem</Filter>
    </ClCompile>
    <ClCompile Include="instructions\DebugInstruction.cpp">
      <Filter>Instructions</Filter>
    </ClCompile>
    <ClCompile Include="instructions\ReturnVoidInstruction.cpp">
      <Filter>Instructions</Filter>
    </ClCompile>
    <ClCompile Include="Library\VoidClass.cpp">
      <Filter>Library</Filter>
    </ClCompile>
    <ClCompile Include="instructions\LoadIntConstantInstruction.cpp">
      <Filter>Instructions</Filter>
    </ClCompile>
    <ClCompile Include="instructions\BinOpInstruction.cpp">
      <Filter>Instructions</Filter>
    </ClCompile>
    <ClCompile Include="Library\BoolClass.cpp">
      <Filter>Library</Filter>
    </ClCompile>
    <ClCompile Include="Library\FloatClass.cpp">
      <Filter>Library</Filter>
    </ClCompile>
    <ClCompile Include="Library\IntClass.cpp">
      <Filter>Library</Filter>
    </ClCompile>
    <ClCompile Include="Runtime_Data\RTModule.cpp">
      <Filter>Runtime Data</Filter>
    </ClCompile>
    <ClCompile Include="Runtime_Data\RTInterfaceTableEntry.cpp">
      <Filter>Runtime Data</Filter>
    </ClCompile>
    <ClCompile Include="Runtime_Data\ARTRep.cpp">
      <Filter>Runtime Data</Filter>
    </ClCompile>
    <ClCompile Include="Runtime\NomTypeRegistry.cpp">
      <Filter>Runtime</Filter>
    </ClCompile>
    <ClCompile Include="Intermediate_Representation\AvailableExternally.cpp">
      <Filter>Intermediate Representation</Filter>
    </ClCompile>
    <ClCompile Include="Intermediate_Representation\NomMemberContext.cpp">
      <Filter>Intermediate Representation</Filter>
    </ClCompile>
    <ClCompile Include="Intermediate_Representation\GloballyNamed.cpp">
      <Filter>Intermediate Representation</Filter>
    </ClCompile>
    <ClCompile Include="Common\Defs.cpp">
      <Filter>Common</Filter>
    </ClCompile>
    <ClCompile Include="Intermediate_Representation\NomValue.cpp">
      <Filter>Intermediate Representation</Filter>
    </ClCompile>
    <ClCompile Include="instructions\CallConstructor.cpp">
      <Filter>Instructions</Filter>
    </ClCompile>
    <ClCompile Include="instructions\WriteFieldInstruction.cpp">
      <Filter>Instructions</Filter>
    </ClCompile>
    <ClCompile Include="instructions\ReadFieldInstruction.cpp">
      <Filter>Instructions</Filter>
    </ClCompile>
    <ClCompile Include="Intermediate_Representation\NomField.cpp">
      <Filter>Intermediate Representation</Filter>
    </ClCompile>
    <ClCompile Include="instructions\CastInstruction.cpp">
      <Filter>Instructions</Filter>
    </ClCompile>
    <ClCompile Include="pugixml\pugixml.cpp">
      <Filter>Source Files</Filter>
    </ClCompile>
    <ClCompile Include="instructions\CondBranchInstruction.cpp">
      <Filter>Instructions</Filter>
    </ClCompile>
    <ClCompile Include="Common\TypeOperations.cpp">
      <Filter>Common</Filter>
    </ClCompile>
    <ClCompile Include="Library\FunInterface.cpp">
      <Filter>Library</Filter>
    </ClCompile>
    <ClCompile Include="instructions\BranchInstruction.cpp">
      <Filter>Instructions</Filter>
    </ClCompile>
    <ClCompile Include="Parse\BytecodeTopReadHandler.cpp">
      <Filter>Parse</Filter>
    </ClCompile>
    <ClCompile Include="Intermediate_Representation\NomString.cpp">
      <Filter>Intermediate Representation</Filter>
    </ClCompile>
    <ClCompile Include="Library\TimerClass.cpp">
      <Filter>Library</Filter>
    </ClCompile>
    <ClCompile Include="Intermediate_Representation\NomNameRepository.cpp">
      <Filter>Intermediate Representation</Filter>
    </ClCompile>
    <ClCompile Include="Common\CompileHelpers.cpp">
      <Filter>Common</Filter>
    </ClCompile>
    <ClCompile Include="Runtime\RTOutput.cpp">
      <Filter>Runtime</Filter>
    </ClCompile>
    <ClCompile Include="Library\ExpandoObjectClass.cpp">
      <Filter>Library</Filter>
    </ClCompile>
    <ClCompile Include="Runtime\RTDictionary.cpp">
      <Filter>Runtime</Filter>
    </ClCompile>
    <ClCompile Include="Runtime_Data\RTDescriptor.cpp">
      <Filter>Runtime Data</Filter>
    </ClCompile>
    <ClCompile Include="instructions\CreateClosure.cpp">
      <Filter>Instructions</Filter>
    </ClCompile>
    <ClCompile Include="Intermediate_Representation\NomMethodTableEntry.cpp">
      <Filter>Intermediate Representation</Filter>
    </ClCompile>
    <ClCompile Include="Runtime_Data\RTSignature.cpp">
      <Filter>Runtime Data</Filter>
    </ClCompile>
    <ClCompile Include="instructions\ConstructStruct.cpp">
      <Filter>Instructions</Filter>
    </ClCompile>
    <ClCompile Include="instructions\LoadBoolConstantInstruction.cpp">
      <Filter>Instructions</Filter>
    </ClCompile>
    <ClCompile Include="instructions\ErrorInstruction.cpp">
      <Filter>Instructions</Filter>
    </ClCompile>
    <ClCompile Include="instructions\RTCmdInstruction.cpp">
      <Filter>Instructions</Filter>
    </ClCompile>
    <ClCompile Include="Intermediate_Representation\NomSubstitutionContext.cpp">
      <Filter>Intermediate Representation</Filter>
    </ClCompile>
    <ClCompile Include="Library\IComparableInterface.cpp">
      <Filter>Library</Filter>
    </ClCompile>
    <ClCompile Include="Intermediate_Representation\NomTypeParameter.cpp">
      <Filter>Intermediate Representation</Filter>
    </ClCompile>
    <ClCompile Include="Library\IPairInterface.cpp">
      <Filter>Library</Filter>
    </ClCompile>
    <ClCompile Include="Intermediate_Representation\NomValuePrimitiveCases.cpp">
      <Filter>Intermediate Representation</Filter>
    </ClCompile>
    <ClCompile Include="instructions\LoadFloatConstantInstruction.cpp">
      <Filter>Instructions</Filter>
    </ClCompile>
    <ClCompile Include="Runtime_Data\IMT.cpp">
      <Filter>Runtime Data</Filter>
    </ClCompile>
    <ClCompile Include="Library\ArrayListClass.cpp">
      <Filter>Library</Filter>
    </ClCompile>
    <ClCompile Include="Library\IEnumeratorInterface.cpp">
      <Filter>Library</Filter>
    </ClCompile>
    <ClCompile Include="Library\IEnumerableInterface.cpp">
      <Filter>Library</Filter>
    </ClCompile>
    <ClCompile Include="Library\MathClass.cpp">
      <Filter>Library</Filter>
    </ClCompile>
    <ClCompile Include="Library\RangeClass.cpp">
      <Filter>Library</Filter>
    </ClCompile>
    <ClCompile Include="Parse\Manifest.cpp">
      <Filter>Parse</Filter>
    </ClCompile>
    <ClCompile Include="instructions\LoadNullConstantInstruction.cpp">
      <Filter>Instructions</Filter>
    </ClCompile>
    <ClCompile Include="instructions\UnaryOpInstruction.cpp">
      <Filter>Instructions</Filter>
    </ClCompile>
    <ClCompile Include="instructions\EnsureCheckedMethodInstruction.cpp">
      <Filter>Instructions</Filter>
    </ClCompile>
    <ClCompile Include="instructions\EnsureDynamicMethodInstruction.cpp">
      <Filter>Instructions</Filter>
    </ClCompile>
    <ClCompile Include="Common\Metadata.cpp">
      <Filter>Common</Filter>
    </ClCompile>
    <ClCompile Include="Runtime_Data\Headers\LambdaHeader.cpp">
      <Filter>Runtime Data\Headers</Filter>
    </ClCompile>
    <ClCompile Include="Runtime_Data\Headers\ObjectHeader.cpp">
      <Filter>Runtime Data\Headers</Filter>
    </ClCompile>
    <ClCompile Include="Runtime_Data\Headers\PartialAppHeader.cpp">
      <Filter>Runtime Data\Headers</Filter>
    </ClCompile>
    <ClCompile Include="Runtime_Data\Headers\RefValueHeader.cpp">
      <Filter>Runtime Data\Headers</Filter>
    </ClCompile>
    <ClCompile Include="Runtime_Data\Headers\RecordHeader.cpp">
      <Filter>Runtime Data\Headers</Filter>
    </ClCompile>
    <ClCompile Include="Runtime_Data\VTables\RTVTable.cpp">
      <Filter>Runtime Data\VTables</Filter>
    </ClCompile>
    <ClCompile Include="Runtime_Data\Types\RTClassType.cpp">
      <Filter>Runtime Data\Types</Filter>
    </ClCompile>
    <ClCompile Include="Runtime_Data\Types\RTTypeHead.cpp">
      <Filter>Runtime Data\Types</Filter>
    </ClCompile>
    <ClCompile Include="Runtime_Data\Types\RTDynamicType.cpp">
      <Filter>Runtime Data\Types</Filter>
    </ClCompile>
    <ClCompile Include="Runtime_Data\Types\RTInstanceType.cpp">
      <Filter>Runtime Data\Types</Filter>
    </ClCompile>
    <ClCompile Include="Runtime_Data\Types\RTMaybeType.cpp">
      <Filter>Runtime Data\Types</Filter>
    </ClCompile>
    <ClCompile Include="Runtime_Data\Types\RTTypeVar.cpp">
      <Filter>Runtime Data\Types</Filter>
    </ClCompile>
    <ClCompile Include="Runtime_Data\Headers\StructuralValueHeader.cpp">
      <Filter>Runtime Data\Headers</Filter>
    </ClCompile>
    <ClCompile Include="Runtime_Data\VTables\RTRecord.cpp">
      <Filter>Runtime Data\VTables</Filter>
    </ClCompile>
    <ClCompile Include="Runtime_Data\VTables\RTPartialApp.cpp">
      <Filter>Runtime Data\VTables</Filter>
    </ClCompile>
    <ClCompile Include="Runtime_Data\VTables\RTLambda.cpp">
      <Filter>Runtime Data\VTables</Filter>
    </ClCompile>
    <ClCompile Include="Runtime_Data\VTables\RTInterface.cpp">
      <Filter>Runtime Data\VTables</Filter>
    </ClCompile>
    <ClCompile Include="Runtime_Data\VTables\RTClass.cpp">
      <Filter>Runtime Data\VTables</Filter>
    </ClCompile>
    <ClCompile Include="Intermediate_Representation\Types\NomBottomType.cpp">
      <Filter>Intermediate Representation\Types</Filter>
    </ClCompile>
    <ClCompile Include="Intermediate_Representation\Types\NomClassType.cpp">
      <Filter>Intermediate Representation\Types</Filter>
    </ClCompile>
    <ClCompile Include="Intermediate_Representation\Types\NomDynamicType.cpp">
      <Filter>Intermediate Representation\Types</Filter>
    </ClCompile>
    <ClCompile Include="Intermediate_Representation\Types\NomMaybeType.cpp">
      <Filter>Intermediate Representation\Types</Filter>
    </ClCompile>
    <ClCompile Include="Intermediate_Representation\Types\NomTopType.cpp">
      <Filter>Intermediate Representation\Types</Filter>
    </ClCompile>
    <ClCompile Include="Intermediate_Representation\Types\NomTypeVar.cpp">
      <Filter>Intermediate Representation\Types</Filter>
    </ClCompile>
    <ClCompile Include="Intermediate_Representation\Types\NomType.cpp">
      <Filter>Intermediate Representation\Types</Filter>
    </ClCompile>
    <ClCompile Include="Intermediate_Representation\Callables\NomCallable.cpp">
      <Filter>Intermediate Representation\Callables</Filter>
    </ClCompile>
    <ClCompile Include="Intermediate_Representation\Callables\NomCallableVersion.cpp">
      <Filter>Intermediate Representation\Callables</Filter>
    </ClCompile>
    <ClCompile Include="Intermediate_Representation\Callables\NomMethod.cpp">
      <Filter>Intermediate Representation\Callables</Filter>
    </ClCompile>
    <ClCompile Include="Intermediate_Representation\Callables\NomRecordMethod.cpp">
      <Filter>Intermediate Representation\Callables</Filter>
    </ClCompile>
    <ClCompile Include="Intermediate_Representation\Callables\NomStaticMethod.cpp">
      <Filter>Intermediate Representation\Callables</Filter>
    </ClCompile>
    <ClCompile Include="Intermediate_Representation\Callables\NomPartialApplication.cpp">
      <Filter>Intermediate Representation\Callables</Filter>
    </ClCompile>
    <ClCompile Include="Intermediate_Representation\Data\NomClass.cpp">
      <Filter>Intermediate Representation\Data</Filter>
    </ClCompile>
    <ClCompile Include="Intermediate_Representation\Data\NomInterface.cpp">
      <Filter>Intermediate Representation\Data</Filter>
    </ClCompile>
    <ClCompile Include="Intermediate_Representation\Data\NomLambda.cpp">
      <Filter>Intermediate Representation\Data</Filter>
    </ClCompile>
    <ClCompile Include="Intermediate_Representation\Data\NomNamed.cpp">
      <Filter>Intermediate Representation\Data</Filter>
    </ClCompile>
    <ClCompile Include="Intermediate_Representation\Data\NomRecord.cpp">
      <Filter>Intermediate Representation\Data</Filter>
    </ClCompile>
    <ClCompile Include="Intermediate_Representation\Data\NomModule.cpp">
      <Filter>Intermediate Representation\Data</Filter>
    </ClCompile>
    <ClCompile Include="Intermediate_Representation\Callables\NomSignature.cpp">
      <Filter>Intermediate Representation\Callables</Filter>
    </ClCompile>
    <ClCompile Include="Intermediate_Representation\CallTags\NomInterfaceCallTag.cpp">
      <Filter>Intermediate Representation\CallTags</Filter>
    </ClCompile>
    <ClCompile Include="Intermediate_Representation\Data\NomProgram.cpp">
      <Filter>Intermediate Representation\Data</Filter>
    </ClCompile>
    <ClCompile Include="Intermediate_Representation\CallTags\NomLambdaCallTag.cpp">
      <Filter>Intermediate Representation\CallTags</Filter>
    </ClCompile>
    <ClCompile Include="Intermediate_Representation\CallTags\NomRecordCallTag.cpp">
      <Filter>Intermediate Representation\CallTags</Filter>
    </ClCompile>
    <ClCompile Include="Intermediate_Representation\Callables\NomConstructor.cpp">
      <Filter>Intermediate Representation\Callables</Filter>
    </ClCompile>
    <ClCompile Include="Common\NomBuilder.cpp">
      <Filter>Common</Filter>
    </ClCompile>
    <ClCompile Include="Common\SourcePos.cpp">
      <Filter>Common</Filter>
    </ClCompile>
    <ClCompile Include="Intermediate_Representation\NomTypeVarValue.cpp">
      <Filter>Intermediate Representation</Filter>
    </ClCompile>
    <ClCompile Include="Runtime\Typing\RTTypeEq.cpp">
      <Filter>Runtime\Typing</Filter>
    </ClCompile>
    <ClCompile Include="Runtime\Typing\RTSubtyping.cpp">
      <Filter>Runtime\Typing</Filter>
    </ClCompile>
    <ClCompile Include="Runtime\Typing\RTSubstStack.cpp">
      <Filter>Runtime\Typing</Filter>
    </ClCompile>
    <ClCompile Include="Runtime\Typing\RTDisjointness.cpp">
      <Filter>Runtime\Typing</Filter>
    </ClCompile>
    <ClCompile Include="Runtime\Typing\RTCast.cpp">
      <Filter>Runtime\Typing</Filter>
    </ClCompile>
    <ClCompile Include="Runtime\Statistics\CastStats.cpp">
      <Filter>Runtime\Statistics</Filter>
    </ClCompile>
    <ClCompile Include="Runtime\Statistics\FunctionTimings.cpp">
      <Filter>Runtime\Statistics</Filter>
    </ClCompile>
    <ClCompile Include="Runtime\Memory\BoehmContainers.cpp">
      <Filter>Runtime\Memory</Filter>
    </ClCompile>
    <ClCompile Include="Runtime\Memory\boehmgcinterface.cpp">
      <Filter>Runtime\Memory</Filter>
    </ClCompile>
    <ClCompile Include="Runtime\Memory\NomAlloc.cpp">
      <Filter>Runtime\Memory</Filter>
    </ClCompile>
    <ClCompile Include="Runtime\Config\RTConfig.cpp">
      <Filter>Runtime\Config</Filter>
    </ClCompile>
  </ItemGroup>
  <ItemGroup>
    <ClInclude Include="resource.h">
      <Filter>Header Files</Filter>
    </ClInclude>
    <ClInclude Include="instructions\ArgumentInstruction.h">
      <Filter>Instructions</Filter>
    </ClInclude>
    <ClInclude Include="instructions\LoadStringConstantInstruction.h">
      <Filter>Instructions</Filter>
    </ClInclude>
    <ClInclude Include="instructions\CallCheckedInstanceMethod.h">
      <Filter>Instructions</Filter>
    </ClInclude>
    <ClInclude Include="instructions\ReturnInstruction.h">
      <Filter>Instructions</Filter>
    </ClInclude>
    <ClInclude Include="instructions\PhiNode.h">
      <Filter>Instructions</Filter>
    </ClInclude>
    <ClInclude Include="instructions\NomValueInstruction.h">
      <Filter>Instructions</Filter>
    </ClInclude>
    <ClInclude Include="instructions\NoopInstruction.h">
      <Filter>Instructions</Filter>
    </ClInclude>
    <ClInclude Include="instructions\NomInstruction.h">
      <Filter>Instructions</Filter>
    </ClInclude>
    <ClInclude Include="instructions\CallCheckedStaticMethod.h">
      <Filter>Instructions</Filter>
    </ClInclude>
    <ClInclude Include="Common\Util.h">
      <Filter>Common</Filter>
    </ClInclude>
    <ClInclude Include="Common\TypeList.h">
      <Filter>Common</Filter>
    </ClInclude>
    <ClInclude Include="Library\StringClass.h">
      <Filter>Library</Filter>
    </ClInclude>
    <ClInclude Include="Runtime\Runtime.h">
      <Filter>Runtime</Filter>
    </ClInclude>
    <ClInclude Include="Library\ObjectClass.h">
      <Filter>Library</Filter>
    </ClInclude>
    <ClInclude Include="Library\NullClass.h">
      <Filter>Library</Filter>
    </ClInclude>
    <ClInclude Include="Runtime\NomVMInterface.h">
      <Filter>Runtime</Filter>
    </ClInclude>
    <ClInclude Include="Runtime\NomRuntime.h">
      <Filter>Runtime</Filter>
    </ClInclude>
    <ClInclude Include="Runtime\NomJIT.h">
      <Filter>Runtime</Filter>
    </ClInclude>
    <ClInclude Include="Intermediate_Representation\NomInstantiationRef.h">
      <Filter>Intermediate Representation</Filter>
    </ClInclude>
    <ClInclude Include="Intermediate_Representation\NomString.h">
      <Filter>Intermediate Representation</Filter>
    </ClInclude>
    <ClInclude Include="Intermediate_Representation\NomConstants.h">
      <Filter>Intermediate Representation</Filter>
    </ClInclude>
    <ClInclude Include="Common\CompileEnv.h">
      <Filter>Common</Filter>
    </ClInclude>
    <ClInclude Include="Common\ClassTypeList.h">
      <Filter>Common</Filter>
    </ClInclude>
    <ClInclude Include="Common\Context.h">
      <Filter>Common</Filter>
    </ClInclude>
    <ClInclude Include="Common\Defs.h">
      <Filter>Common</Filter>
    </ClInclude>
    <ClInclude Include="instructions\CallDispatchBestMethod.h">
      <Filter>Instructions</Filter>
    </ClInclude>
    <ClInclude Include="Parse\BytecodeReader.h">
      <Filter>Parse</Filter>
    </ClInclude>
    <ClInclude Include="Common\CharStream.h">
      <Filter>Common</Filter>
    </ClInclude>
    <ClInclude Include="Parse\ManifestReader.h">
      <Filter>Parse</Filter>
    </ClInclude>
    <ClInclude Include="Intermediate_Representation\AssemblyUnit.h">
      <Filter>Intermediate Representation</Filter>
    </ClInclude>
    <ClInclude Include="Parse\Loader.h">
      <Filter>Parse</Filter>
    </ClInclude>
    <ClInclude Include="Parse\LibraryVersion.h">
      <Filter>Parse</Filter>
    </ClInclude>
    <ClInclude Include="Parse\Library.h">
      <Filter>Parse</Filter>
    </ClInclude>
    <ClInclude Include="Parse\LibraryDependency.h">
      <Filter>Parse</Filter>
    </ClInclude>
    <ClInclude Include="Parse\VersionNumber.h">
      <Filter>Parse</Filter>
    </ClInclude>
    <ClInclude Include="Parse\LibrarySource.h">
      <Filter>Parse</Filter>
    </ClInclude>
    <ClInclude Include="Parse\ComponentSource.h">
      <Filter>Parse</Filter>
    </ClInclude>
    <ClInclude Include="Common\StringDict.h">
      <Filter>Common</Filter>
    </ClInclude>
    <ClInclude Include="FileSystem\Directory.h">
      <Filter>FileSystem</Filter>
    </ClInclude>
    <ClInclude Include="FileSystem\File.h">
      <Filter>FileSystem</Filter>
    </ClInclude>
    <ClInclude Include="FileSystem\Path.h">
      <Filter>FileSystem</Filter>
    </ClInclude>
    <ClInclude Include="instructions\DebugInstruction.h">
      <Filter>Instructions</Filter>
    </ClInclude>
    <ClInclude Include="instructions\ReturnVoidInstruction.h">
      <Filter>Instructions</Filter>
    </ClInclude>
    <ClInclude Include="Library\VoidClass.h">
      <Filter>Library</Filter>
    </ClInclude>
    <ClInclude Include="instructions\LoadIntConstantInstruction.h">
      <Filter>Instructions</Filter>
    </ClInclude>
    <ClInclude Include="instructions\BinOpInstruction.h">
      <Filter>Instructions</Filter>
    </ClInclude>
    <ClInclude Include="Library\BoolClass.h">
      <Filter>Library</Filter>
    </ClInclude>
    <ClInclude Include="Library\FloatClass.h">
      <Filter>Library</Filter>
    </ClInclude>
    <ClInclude Include="Library\IntClass.h">
      <Filter>Library</Filter>
    </ClInclude>
    <ClInclude Include="Runtime_Data\RTModule.h">
      <Filter>Runtime Data</Filter>
    </ClInclude>
    <ClInclude Include="Runtime_Data\RTInterfaceTableEntry.h">
      <Filter>Runtime Data</Filter>
    </ClInclude>
    <ClInclude Include="Runtime_Data\ARTRep.h">
      <Filter>Runtime Data</Filter>
    </ClInclude>
    <ClInclude Include="Runtime\NomTypeRegistry.h">
      <Filter>Runtime</Filter>
    </ClInclude>
    <ClInclude Include="Intermediate_Representation\AvailableExternally.h">
      <Filter>Intermediate Representation</Filter>
    </ClInclude>
    <ClInclude Include="Intermediate_Representation\NomMemberContext.h">
      <Filter>Intermediate Representation</Filter>
    </ClInclude>
    <ClInclude Include="Intermediate_Representation\GloballyNamed.h">
      <Filter>Intermediate Representation</Filter>
    </ClInclude>
    <ClInclude Include="Intermediate_Representation\NomValue.h">
      <Filter>Intermediate Representation</Filter>
    </ClInclude>
    <ClInclude Include="Intermediate_Representation\NomTypeVarValue.h">
      <Filter>Intermediate Representation</Filter>
    </ClInclude>
    <ClInclude Include="instructions\CallConstructor.h">
      <Filter>Instructions</Filter>
    </ClInclude>
    <ClInclude Include="instructions\WriteFieldInstruction.h">
      <Filter>Instructions</Filter>
    </ClInclude>
    <ClInclude Include="instructions\ReadFieldInstruction.h">
      <Filter>Instructions</Filter>
    </ClInclude>
    <ClInclude Include="Intermediate_Representation\NomField.h">
      <Filter>Intermediate Representation</Filter>
    </ClInclude>
    <ClInclude Include="instructions\CastInstruction.h">
      <Filter>Instructions</Filter>
    </ClInclude>
    <ClInclude Include="pugixml\pugiconfig.hpp">
      <Filter>Header Files</Filter>
    </ClInclude>
    <ClInclude Include="pugixml\pugixml.hpp">
      <Filter>Header Files</Filter>
    </ClInclude>
    <ClInclude Include="FileSystem\FileSysDefs.h">
      <Filter>FileSystem</Filter>
    </ClInclude>
    <ClInclude Include="Runtime\NomJITLight.h">
      <Filter>Runtime</Filter>
    </ClInclude>
    <ClInclude Include="Common\GlobalNameAddressLookupList.h">
      <Filter>Common</Filter>
    </ClInclude>
    <ClInclude Include="instructions\CondBranchInstruction.h">
      <Filter>Instructions</Filter>
    </ClInclude>
    <ClInclude Include="Common\TypeOperations.h">
      <Filter>Common</Filter>
    </ClInclude>
    <ClInclude Include="Library\FunInterface.h">
      <Filter>Library</Filter>
    </ClInclude>
    <ClInclude Include="instructions\BranchInstruction.h">
      <Filter>Instructions</Filter>
    </ClInclude>
    <ClInclude Include="Parse\BytecodeTopReadHandler.h">
      <Filter>Parse</Filter>
    </ClInclude>
    <ClInclude Include="Library\TimerClass.h">
      <Filter>Library</Filter>
    </ClInclude>
    <ClInclude Include="Intermediate_Representation\NomNameRepository.h">
      <Filter>Intermediate Representation</Filter>
    </ClInclude>
    <ClInclude Include="Common\CompileHelpers.h">
      <Filter>Common</Filter>
    </ClInclude>
    <ClInclude Include="Runtime\RTOutput.h">
      <Filter>Runtime</Filter>
    </ClInclude>
    <ClInclude Include="Common\Singleton.h">
      <Filter>Common</Filter>
    </ClInclude>
    <ClInclude Include="Library\ExpandoObjectClass.h">
      <Filter>Library</Filter>
    </ClInclude>
    <ClInclude Include="Runtime\RTDictionary.h">
      <Filter>Runtime</Filter>
    </ClInclude>
    <ClInclude Include="Runtime_Data\RTDescriptor.h">
      <Filter>Runtime Data</Filter>
    </ClInclude>
    <ClInclude Include="instructions\CreateClosure.h">
      <Filter>Instructions</Filter>
    </ClInclude>
    <ClInclude Include="Intermediate_Representation\NomMethodTableEntry.h">
      <Filter>Intermediate Representation</Filter>
    </ClInclude>
    <ClInclude Include="Runtime_Data\RTSignature.h">
      <Filter>Runtime Data</Filter>
    </ClInclude>
    <ClInclude Include="Common\ConfigurationConstants.h">
      <Filter>Common</Filter>
    </ClInclude>
    <ClInclude Include="instructions\ConstructStruct.h">
      <Filter>Instructions</Filter>
    </ClInclude>
    <ClInclude Include="instructions\LoadBoolConstantInstruction.h">
      <Filter>Instructions</Filter>
    </ClInclude>
    <ClInclude Include="instructions\ErrorInstruction.h">
      <Filter>Instructions</Filter>
    </ClInclude>
    <ClInclude Include="instructions\RTCmdInstruction.h">
      <Filter>Instructions</Filter>
    </ClInclude>
    <ClInclude Include="Common\DLLExport.h">
      <Filter>Common</Filter>
    </ClInclude>
    <ClInclude Include="Intermediate_Representation\NomSubstitutionContext.h">
      <Filter>Intermediate Representation</Filter>
    </ClInclude>
    <ClInclude Include="Library\IComparableInterface.h">
      <Filter>Library</Filter>
    </ClInclude>
    <ClInclude Include="Intermediate_Representation\NomTypeParameter.h">
      <Filter>Intermediate Representation</Filter>
    </ClInclude>
    <ClInclude Include="Library\IPairInterface.h">
      <Filter>Library</Filter>
    </ClInclude>
    <ClInclude Include="Intermediate_Representation\NomValuePrimitiveCases.h">
      <Filter>Intermediate Representation</Filter>
    </ClInclude>
    <ClInclude Include="instructions\LoadFloatConstantInstruction.h">
      <Filter>Instructions</Filter>
    </ClInclude>
    <ClInclude Include="Common\CallingConvConf.h">
      <Filter>Common</Filter>
    </ClInclude>
    <ClInclude Include="Runtime_Data\IMT.h">
      <Filter>Runtime Data</Filter>
    </ClInclude>
    <ClInclude Include="Library\ArrayListClass.h">
      <Filter>Library</Filter>
    </ClInclude>
    <ClInclude Include="Library\IEnumerableInterface.h">
      <Filter>Library</Filter>
    </ClInclude>
    <ClInclude Include="Library\IEnumeratorInterface.h">
      <Filter>Library</Filter>
    </ClInclude>
    <ClInclude Include="Library\MathClass.h">
      <Filter>Library</Filter>
    </ClInclude>
    <ClInclude Include="Library\RangeClass.h">
      <Filter>Library</Filter>
    </ClInclude>
    <ClInclude Include="Parse\Manifest.h">
      <Filter>Parse</Filter>
    </ClInclude>
    <ClInclude Include="instructions\LoadNullConstantInstruction.h">
      <Filter>Instructions</Filter>
    </ClInclude>
    <ClInclude Include="instructions\UnaryOpInstruction.h">
      <Filter>Instructions</Filter>
    </ClInclude>
    <ClInclude Include="Runtime\RTCompileConfig.h">
      <Filter>Runtime</Filter>
    </ClInclude>
    <ClInclude Include="instructions\EnsureCheckedMethodInstruction.h">
      <Filter>Instructions</Filter>
    </ClInclude>
    <ClInclude Include="instructions\EnsureDynamicMethodInstruction.h">
      <Filter>Instructions</Filter>
    </ClInclude>
    <ClInclude Include="Common\Metadata.h">
      <Filter>Common</Filter>
    </ClInclude>
    <ClInclude Include="Runtime_Data\Headers\ObjectHeader.h">
      <Filter>Runtime Data\Headers</Filter>
    </ClInclude>
    <ClInclude Include="Runtime_Data\Headers\LambdaHeader.h">
      <Filter>Runtime Data\Headers</Filter>
    </ClInclude>
    <ClInclude Include="Runtime_Data\Headers\PartialAppHeader.h">
      <Filter>Runtime Data\Headers</Filter>
    </ClInclude>
    <ClInclude Include="Runtime_Data\Headers\RefValueHeader.h">
      <Filter>Runtime Data\Headers</Filter>
    </ClInclude>
    <ClInclude Include="Runtime_Data\Headers\RecordHeader.h">
      <Filter>Runtime Data\Headers</Filter>
    </ClInclude>
    <ClInclude Include="Runtime_Data\VTables\RTVTable.h">
      <Filter>Runtime Data\VTables</Filter>
    </ClInclude>
    <ClInclude Include="Runtime_Data\Types\RTClassType.h">
      <Filter>Runtime Data\Types</Filter>
    </ClInclude>
    <ClInclude Include="Runtime_Data\Types\RTTypeHead.h">
      <Filter>Runtime Data\Types</Filter>
    </ClInclude>
    <ClInclude Include="Runtime_Data\Types\RTDynamicType.h">
      <Filter>Runtime Data\Types</Filter>
    </ClInclude>
    <ClInclude Include="Runtime_Data\Types\RTInstanceType.h">
      <Filter>Runtime Data\Types</Filter>
    </ClInclude>
    <ClInclude Include="Runtime_Data\Types\RTMaybeType.h">
      <Filter>Runtime Data\Types</Filter>
    </ClInclude>
    <ClInclude Include="Runtime_Data\Types\RTTypeVar.h">
      <Filter>Runtime Data\Types</Filter>
    </ClInclude>
    <ClInclude Include="Runtime_Data\Headers\StructuralValueHeader.h">
      <Filter>Runtime Data\Headers</Filter>
    </ClInclude>
    <ClInclude Include="Runtime_Data\VTables\RTRecord.h">
      <Filter>Runtime Data\VTables</Filter>
    </ClInclude>
    <ClInclude Include="Runtime_Data\VTables\RTPartialApp.h">
      <Filter>Runtime Data\VTables</Filter>
    </ClInclude>
    <ClInclude Include="Runtime_Data\VTables\RTLambda.h">
      <Filter>Runtime Data\VTables</Filter>
    </ClInclude>
    <ClInclude Include="Runtime_Data\VTables\RTInterface.h">
      <Filter>Runtime Data\VTables</Filter>
    </ClInclude>
    <ClInclude Include="Runtime_Data\VTables\RTClass.h">
      <Filter>Runtime Data\VTables</Filter>
    </ClInclude>
    <ClInclude Include="Intermediate_Representation\Types\NomBottomType.h">
      <Filter>Intermediate Representation\Types</Filter>
    </ClInclude>
    <ClInclude Include="Intermediate_Representation\Types\NomClassType.h">
      <Filter>Intermediate Representation\Types</Filter>
    </ClInclude>
    <ClInclude Include="Intermediate_Representation\Types\NomDynamicType.h">
      <Filter>Intermediate Representation\Types</Filter>
    </ClInclude>
    <ClInclude Include="Intermediate_Representation\Types\NomMaybeType.h">
      <Filter>Intermediate Representation\Types</Filter>
    </ClInclude>
    <ClInclude Include="Intermediate_Representation\Types\NomTopType.h">
      <Filter>Intermediate Representation\Types</Filter>
    </ClInclude>
    <ClInclude Include="Intermediate_Representation\Types\NomTypeVar.h">
      <Filter>Intermediate Representation\Types</Filter>
    </ClInclude>
    <ClInclude Include="Intermediate_Representation\Types\NomType.h">
      <Filter>Intermediate Representation\Types</Filter>
    </ClInclude>
    <ClInclude Include="Intermediate_Representation\Types\NomTypeDecls.h">
      <Filter>Intermediate Representation\Types</Filter>
    </ClInclude>
    <ClInclude Include="Intermediate_Representation\Callables\NomCallable.h">
      <Filter>Intermediate Representation\Callables</Filter>
    </ClInclude>
    <ClInclude Include="Intermediate_Representation\Callables\NomCallableVersion.h">
      <Filter>Intermediate Representation\Callables</Filter>
    </ClInclude>
    <ClInclude Include="Intermediate_Representation\Callables\NomMethod.h">
      <Filter>Intermediate Representation\Callables</Filter>
    </ClInclude>
    <ClInclude Include="Intermediate_Representation\Callables\NomRecordMethod.h">
      <Filter>Intermediate Representation\Callables</Filter>
    </ClInclude>
    <ClInclude Include="Intermediate_Representation\Callables\NomStaticMethod.h">
      <Filter>Intermediate Representation\Callables</Filter>
    </ClInclude>
    <ClInclude Include="Intermediate_Representation\Callables\NomPartialApplication.h">
      <Filter>Intermediate Representation\Callables</Filter>
    </ClInclude>
    <ClInclude Include="Intermediate_Representation\Data\NomClass.h">
      <Filter>Intermediate Representation\Data</Filter>
    </ClInclude>
    <ClInclude Include="Intermediate_Representation\Data\NomInterface.h">
      <Filter>Intermediate Representation\Data</Filter>
    </ClInclude>
    <ClInclude Include="Intermediate_Representation\Data\NomLambda.h">
      <Filter>Intermediate Representation\Data</Filter>
    </ClInclude>
    <ClInclude Include="Intermediate_Representation\Data\NomNamed.h">
      <Filter>Intermediate Representation\Data</Filter>
    </ClInclude>
    <ClInclude Include="Intermediate_Representation\Data\NomRecord.h">
      <Filter>Intermediate Representation\Data</Filter>
    </ClInclude>
    <ClInclude Include="Intermediate_Representation\Data\NomModule.h">
      <Filter>Intermediate Representation\Data</Filter>
    </ClInclude>
    <ClInclude Include="Intermediate_Representation\Callables\NomSignature.h">
      <Filter>Intermediate Representation\Callables</Filter>
    </ClInclude>
    <ClInclude Include="Intermediate_Representation\CallTags\NomInterfaceCallTag.h">
      <Filter>Intermediate Representation\CallTags</Filter>
    </ClInclude>
    <ClInclude Include="Intermediate_Representation\Data\NomProgram.h">
      <Filter>Intermediate Representation\Data</Filter>
    </ClInclude>
    <ClInclude Include="Intermediate_Representation\CallTags\NomLambdaCallTag.h">
      <Filter>Intermediate Representation\CallTags</Filter>
    </ClInclude>
    <ClInclude Include="Intermediate_Representation\CallTags\NomRecordCallTag.h">
      <Filter>Intermediate Representation\CallTags</Filter>
    </ClInclude>
    <ClInclude Include="Intermediate_Representation\Callables\NomConstructor.h">
      <Filter>Intermediate Representation\Callables</Filter>
    </ClInclude>
    <ClInclude Include="Common\NomBuilder.h">
      <Filter>Common</Filter>
    </ClInclude>
    <ClInclude Include="Common\SourcePos.h">
      <Filter>Common</Filter>
    </ClInclude>
    <ClInclude Include="Runtime\Typing\RTTypeEq.h">
      <Filter>Runtime\Typing</Filter>
    </ClInclude>
    <ClInclude Include="Runtime\Typing\RTSubtyping.h">
      <Filter>Runtime\Typing</Filter>
    </ClInclude>
    <ClInclude Include="Runtime\Typing\RTSubstStack.h">
      <Filter>Runtime\Typing</Filter>
    </ClInclude>
    <ClInclude Include="Runtime\Typing\RTDisjointness.h">
      <Filter>Runtime\Typing</Filter>
    </ClInclude>
    <ClInclude Include="Runtime\Typing\RTCast.h">
      <Filter>Runtime\Typing</Filter>
    </ClInclude>
    <ClInclude Include="Runtime\Statistics\CastStats.h">
      <Filter>Runtime\Statistics</Filter>
    </ClInclude>
    <ClInclude Include="Runtime\Statistics\FunctionTimings.h">
      <Filter>Runtime\Statistics</Filter>
    </ClInclude>
    <ClInclude Include="Runtime\Memory\BoehmAllocator.h">
      <Filter>Runtime\Memory</Filter>
    </ClInclude>
    <ClInclude Include="Runtime\Memory\BoehmAtomicAllocator.h">
      <Filter>Runtime\Memory</Filter>
    </ClInclude>
    <ClInclude Include="Runtime\Memory\BoehmContainers.h">
      <Filter>Runtime\Memory</Filter>
    </ClInclude>
    <ClInclude Include="Runtime\Memory\boehmgcinterface.h">
      <Filter>Runtime\Memory</Filter>
    </ClInclude>
    <ClInclude Include="Runtime\Memory\BoehmUncollectableAllocator.h">
      <Filter>Runtime\Memory</Filter>
    </ClInclude>
    <ClInclude Include="Runtime\Memory\gcinclude_config.h">
      <Filter>Runtime\Memory</Filter>
    </ClInclude>
    <ClInclude Include="Runtime\Memory\NomAlloc.h">
      <Filter>Runtime\Memory</Filter>
    </ClInclude>
    <ClInclude Include="Runtime\Config\RTConfig.h">
      <Filter>Runtime\Config</Filter>
    </ClInclude>
    <ClInclude Include="Runtime\Config\RTConfig_LambdaOpt.h">
      <Filter>Runtime\Config</Filter>
    </ClInclude>
  </ItemGroup>
  <ItemGroup>
    <ResourceCompile Include="Runtime.rc">
      <Filter>Resource Files</Filter>
    </ResourceCompile>
  </ItemGroup>
</Project>