<?xml version="1.0" encoding="utf-8"?>
<Project ToolsVersion="4.0" xmlns="http://schemas.microsoft.com/developer/msbuild/2003">
  <ItemGroup>
    <Filter Include="Source Files">
      <UniqueIdentifier>{4FC737F1-C7A5-4376-A066-2A32D752A2FF}</UniqueIdentifier>
      <Extensions>cpp;c;cc;cxx;def;odl;idl;hpj;bat;asm;asmx</Extensions>
    </Filter>
    <Filter Include="Header Files">
      <UniqueIdentifier>{93995380-89BD-4b04-88EB-625FBE52EBFB}</UniqueIdentifier>
      <Extensions>h;hh;hpp;hxx;hm;inl;inc;xsd</Extensions>
    </Filter>
    <Filter Include="Resource Files">
      <UniqueIdentifier>{67DA6AB6-F800-4c08-8B7A-83BB121AAD01}</UniqueIdentifier>
      <Extensions>rc;ico;cur;bmp;dlg;rc2;rct;bin;rgs;gif;jpg;jpeg;jpe;resx;tiff;tif;png;wav;mfcribbon-ms</Extensions>
    </Filter>
    <Filter Include="Instructions">
      <UniqueIdentifier>{d2205d49-cde7-455e-977b-bdb8da63ea32}</UniqueIdentifier>
    </Filter>
    <Filter Include="Runtime Data">
      <UniqueIdentifier>{b8abf4e2-58c0-4e72-8900-d5f39bae5668}</UniqueIdentifier>
    </Filter>
    <Filter Include="Intermediate Representation">
      <UniqueIdentifier>{3c29d5c6-62bd-47c0-a314-2f5a3e23c0de}</UniqueIdentifier>
    </Filter>
    <Filter Include="Common">
      <UniqueIdentifier>{b7aff308-7d32-48b7-a7c7-a96fcd2ceeae}</UniqueIdentifier>
    </Filter>
    <Filter Include="Runtime">
      <UniqueIdentifier>{fcfe7ab3-4ea9-40dd-b63c-0a8bac43e49d}</UniqueIdentifier>
    </Filter>
    <Filter Include="Library">
      <UniqueIdentifier>{2d722235-2096-46d5-b358-959295ebc2f5}</UniqueIdentifier>
    </Filter>
    <Filter Include="Parse">
      <UniqueIdentifier>{ff61a617-8e97-4f15-99b6-70eeea3611bc}</UniqueIdentifier>
    </Filter>
    <Filter Include="FileSystem">
      <UniqueIdentifier>{e69c1f81-d30f-458b-8c78-26dbb152ee57}</UniqueIdentifier>
    </Filter>
    <Filter Include="Flagheaders">
      <UniqueIdentifier>{76848768-fc31-421b-9b10-266e63fc6892}</UniqueIdentifier>
    </Filter>
  </ItemGroup>
  <ItemGroup>
    <ClCompile Include="instructions\CallCheckedStaticMethod.cpp">
      <Filter>Instructions</Filter>
    </ClCompile>
    <ClCompile Include="instructions\ArgumentInstruction.cpp">
      <Filter>Instructions</Filter>
    </ClCompile>
    <ClCompile Include="instructions\LoadStringConstantInstruction.cpp">
      <Filter>Instructions</Filter>
    </ClCompile>
    <ClCompile Include="instructions\NoopInstruction.cpp">
      <Filter>Instructions</Filter>
    </ClCompile>
    <ClCompile Include="instructions\PhiNode.cpp">
      <Filter>Instructions</Filter>
    </ClCompile>
    <ClCompile Include="instructions\ReturnInstruction.cpp">
      <Filter>Instructions</Filter>
    </ClCompile>
    <ClCompile Include="NomInstruction.cpp">
      <Filter>Instructions</Filter>
    </ClCompile>
    <ClCompile Include="NomValueInstruction.cpp">
      <Filter>Instructions</Filter>
    </ClCompile>
    <ClCompile Include="NomMethod.cpp">
      <Filter>Intermediate Representation</Filter>
    </ClCompile>
    <ClCompile Include="NomModule.cpp">
      <Filter>Intermediate Representation</Filter>
    </ClCompile>
    <ClCompile Include="NomNamed.cpp">
      <Filter>Intermediate Representation</Filter>
    </ClCompile>
    <ClCompile Include="NomInterface.cpp">
      <Filter>Intermediate Representation</Filter>
    </ClCompile>
    <ClCompile Include="NomClass.cpp">
      <Filter>Intermediate Representation</Filter>
    </ClCompile>
    <ClCompile Include="NomClassType.cpp">
      <Filter>Intermediate Representation</Filter>
    </ClCompile>
    <ClCompile Include="NomStaticMethod.cpp">
      <Filter>Intermediate Representation</Filter>
    </ClCompile>
    <ClCompile Include="NomType.cpp">
      <Filter>Intermediate Representation</Filter>
    </ClCompile>
    <ClCompile Include="NomTypeVar.cpp">
      <Filter>Intermediate Representation</Filter>
    </ClCompile>
    <ClCompile Include="NomVMInterface.cpp">
      <Filter>Runtime</Filter>
    </ClCompile>
    <ClCompile Include="NomRuntime.cpp">
      <Filter>Runtime</Filter>
    </ClCompile>
    <ClCompile Include="Runtime.cpp">
      <Filter>Runtime</Filter>
    </ClCompile>
    <ClCompile Include="NomJIT.cpp">
      <Filter>Runtime</Filter>
    </ClCompile>
    <ClCompile Include="NomAlloc.cpp">
      <Filter>Runtime</Filter>
    </ClCompile>
    <ClCompile Include="RecursionBuffer.cpp">
      <Filter>Common</Filter>
    </ClCompile>
    <ClCompile Include="Iter.cpp">
      <Filter>Common</Filter>
    </ClCompile>
    <ClCompile Include="ClassTypeList.cpp">
      <Filter>Common</Filter>
    </ClCompile>
    <ClCompile Include="CompileEnv.cpp">
      <Filter>Common</Filter>
    </ClCompile>
    <ClCompile Include="TypeList.cpp">
      <Filter>Common</Filter>
    </ClCompile>
    <ClCompile Include="Util.cpp">
      <Filter>Common</Filter>
    </ClCompile>
    <ClCompile Include="SmallMap.cpp">
      <Filter>Common</Filter>
    </ClCompile>
    <ClCompile Include="ObjectClass.cpp">
      <Filter>Library</Filter>
    </ClCompile>
    <ClCompile Include="NullClass.cpp">
      <Filter>Library</Filter>
    </ClCompile>
    <ClCompile Include="StringClass.cpp">
      <Filter>Library</Filter>
    </ClCompile>
    <ClCompile Include="NomConstants.cpp">
      <Filter>Intermediate Representation</Filter>
    </ClCompile>
    <ClCompile Include="instructions\CallDispatchBestMethod.cpp">
      <Filter>Instructions</Filter>
    </ClCompile>
    <ClCompile Include="instructions\CallCheckedInstanceMethod.cpp">
      <Filter>Instructions</Filter>
    </ClCompile>
    <ClCompile Include="BytecodeReader.cpp">
      <Filter>Parse</Filter>
    </ClCompile>
    <ClCompile Include="CharStream.cpp">
      <Filter>Common</Filter>
    </ClCompile>
    <ClCompile Include="ManifestReader.cpp">
      <Filter>Parse</Filter>
    </ClCompile>
    <ClCompile Include="AssemblyUnit.cpp">
      <Filter>Intermediate Representation</Filter>
    </ClCompile>
    <ClCompile Include="Loader.cpp">
      <Filter>Parse</Filter>
    </ClCompile>
    <ClCompile Include="NomProgram.cpp">
      <Filter>Intermediate Representation</Filter>
    </ClCompile>
    <ClCompile Include="LibraryVersion.cpp">
      <Filter>Parse</Filter>
    </ClCompile>
    <ClCompile Include="Library.cpp">
      <Filter>Parse</Filter>
    </ClCompile>
    <ClCompile Include="LibraryDependency.cpp">
      <Filter>Parse</Filter>
    </ClCompile>
    <ClCompile Include="NomCallable.cpp">
      <Filter>Intermediate Representation</Filter>
    </ClCompile>
    <ClCompile Include="Context.cpp">
      <Filter>Common</Filter>
    </ClCompile>
    <ClCompile Include="LibrarySource.cpp">
      <Filter>Parse</Filter>
    </ClCompile>
    <ClCompile Include="Maybe.cpp">
      <Filter>Source Files</Filter>
    </ClCompile>
    <ClCompile Include="ComponentSource.cpp">
      <Filter>Parse</Filter>
    </ClCompile>
    <ClCompile Include="Directory.cpp">
      <Filter>FileSystem</Filter>
    </ClCompile>
    <ClCompile Include="File.cpp">
      <Filter>FileSystem</Filter>
    </ClCompile>
    <ClCompile Include="Path.cpp">
      <Filter>FileSystem</Filter>
    </ClCompile>
    <ClCompile Include="Managed.cpp">
      <Filter>Common</Filter>
    </ClCompile>
    <ClCompile Include="instructions\DebugInstruction.cpp">
      <Filter>Instructions</Filter>
    </ClCompile>
    <ClCompile Include="instructions\ReturnVoidInstruction.cpp">
      <Filter>Instructions</Filter>
    </ClCompile>
    <ClCompile Include="VoidClass.cpp">
      <Filter>Library</Filter>
    </ClCompile>
    <ClCompile Include="instructions\LoadIntConstantInstruction.cpp">
      <Filter>Instructions</Filter>
    </ClCompile>
    <ClCompile Include="instructions\BinOpInstruction.cpp">
      <Filter>Instructions</Filter>
    </ClCompile>
    <ClCompile Include="BoolClass.cpp">
      <Filter>Library</Filter>
    </ClCompile>
    <ClCompile Include="FloatClass.cpp">
      <Filter>Library</Filter>
    </ClCompile>
    <ClCompile Include="IntClass.cpp">
      <Filter>Library</Filter>
    </ClCompile>
    <ClCompile Include="NomConstructor.cpp">
      <Filter>Intermediate Representation</Filter>
    </ClCompile>
    <ClCompile Include="ObjectHeader.cpp">
      <Filter>Runtime Data</Filter>
    </ClCompile>
    <ClCompile Include="RTClass.cpp">
      <Filter>Runtime Data</Filter>
    </ClCompile>
    <ClCompile Include="RTClassType.cpp">
      <Filter>Runtime Data</Filter>
    </ClCompile>
    <ClCompile Include="RTModule.cpp">
      <Filter>Runtime Data</Filter>
    </ClCompile>
    <ClCompile Include="RTTypeVar.cpp">
      <Filter>Runtime Data</Filter>
    </ClCompile>
    <ClCompile Include="RTInterfaceTableEntry.cpp">
      <Filter>Runtime Data</Filter>
    </ClCompile>
    <ClCompile Include="DispatchDictionaryEntry.cpp">
      <Filter>Source Files</Filter>
    </ClCompile>
    <ClCompile Include="ARTRep.cpp">
      <Filter>Runtime Data</Filter>
    </ClCompile>
    <ClCompile Include="NomBottomType.cpp">
      <Filter>Intermediate Representation</Filter>
    </ClCompile>
    <ClCompile Include="BoehmContainers.cpp">
      <Filter>Runtime</Filter>
    </ClCompile>
    <ClCompile Include="NomTypeRegistry.cpp">
      <Filter>Runtime</Filter>
    </ClCompile>
    <ClCompile Include="AvailableExternally.cpp">
      <Filter>Intermediate Representation</Filter>
    </ClCompile>
    <ClCompile Include="RTTypeHead.cpp">
      <Filter>Runtime Data</Filter>
    </ClCompile>
    <ClCompile Include="NomMemberContext.cpp">
      <Filter>Intermediate Representation</Filter>
    </ClCompile>
    <ClCompile Include="RTSubtyping.cpp">
      <Filter>Runtime</Filter>
    </ClCompile>
    <ClCompile Include="GloballyNamed.cpp">
      <Filter>Intermediate Representation</Filter>
    </ClCompile>
    <ClCompile Include="Defs.cpp">
      <Filter>Common</Filter>
    </ClCompile>
    <ClCompile Include="NomValue.cpp">
      <Filter>Intermediate Representation</Filter>
    </ClCompile>
    <ClCompile Include="NomTypeVarValue.cpp">
      <Filter>Source Files</Filter>
    </ClCompile>
    <ClCompile Include="instructions\CallConstructor.cpp">
      <Filter>Instructions</Filter>
    </ClCompile>
    <ClCompile Include="instructions\WriteFieldInstruction.cpp">
      <Filter>Instructions</Filter>
    </ClCompile>
    <ClCompile Include="instructions\ReadFieldInstruction.cpp">
      <Filter>Instructions</Filter>
    </ClCompile>
    <ClCompile Include="NomField.cpp">
      <Filter>Intermediate Representation</Filter>
    </ClCompile>
    <ClCompile Include="instructions\CastInstruction.cpp">
      <Filter>Instructions</Filter>
    </ClCompile>
    <ClCompile Include="pugixml\pugixml.cpp">
      <Filter>Source Files</Filter>
    </ClCompile>
    <ClCompile Include="instructions\CondBranchInstruction.cpp">
      <Filter>Instructions</Filter>
    </ClCompile>
    <ClCompile Include="TypeOperations.cpp">
      <Filter>Common</Filter>
    </ClCompile>
    <ClCompile Include="FunInterface.cpp">
      <Filter>Library</Filter>
    </ClCompile>
    <ClCompile Include="NomSignature.cpp">
      <Filter>Intermediate Representation</Filter>
    </ClCompile>
    <ClCompile Include="instructions\BranchInstruction.cpp">
      <Filter>Instructions</Filter>
    </ClCompile>
    <ClCompile Include="BytecodeTopReadHandler.cpp">
      <Filter>Parse</Filter>
    </ClCompile>
    <ClCompile Include="NomString.cpp">
      <Filter>Intermediate Representation</Filter>
    </ClCompile>
    <ClCompile Include="TimerClass.cpp">
      <Filter>Library</Filter>
    </ClCompile>
    <ClCompile Include="NomNameRepository.cpp">
      <Filter>Intermediate Representation</Filter>
    </ClCompile>
    <ClCompile Include="CompileHelpers.cpp">
      <Filter>Common</Filter>
    </ClCompile>
    <ClCompile Include="RTInstanceType.cpp">
      <Filter>Runtime Data</Filter>
    </ClCompile>
    <ClCompile Include="RTDisjointness.cpp">
      <Filter>Runtime</Filter>
    </ClCompile>
    <ClCompile Include="RTFilterInstantiations.cpp">
      <Filter>Runtime</Filter>
    </ClCompile>
    <ClCompile Include="RTOutput.cpp">
      <Filter>Runtime</Filter>
    </ClCompile>
    <ClCompile Include="ExpandoObjectClass.cpp">
      <Filter>Library</Filter>
    </ClCompile>
    <ClCompile Include="RTStructType.cpp">
      <Filter>Runtime Data</Filter>
    </ClCompile>
    <ClCompile Include="RTPartialAppType.cpp">
      <Filter>Runtime Data</Filter>
    </ClCompile>
    <ClCompile Include="NomPartialAppType.cpp">
      <Filter>Intermediate Representation</Filter>
    </ClCompile>
    <ClCompile Include="NomStructType.cpp">
      <Filter>Intermediate Representation</Filter>
    </ClCompile>
    <ClCompile Include="RTDictionary.cpp">
      <Filter>Runtime</Filter>
    </ClCompile>
    <ClCompile Include="RTPartialApp.cpp">
      <Filter>Runtime Data</Filter>
    </ClCompile>
    <ClCompile Include="NomPartialApplication.cpp">
      <Filter>Intermediate Representation</Filter>
    </ClCompile>
    <ClCompile Include="PreparedDictionary.cpp">
      <Filter>Intermediate Representation</Filter>
    </ClCompile>
    <ClCompile Include="RTDescriptor.cpp">
      <Filter>Runtime Data</Filter>
    </ClCompile>
    <ClCompile Include="NomDescriptor.cpp">
      <Filter>Source Files</Filter>
    </ClCompile>
    <ClCompile Include="RTStruct.cpp">
      <Filter>Runtime Data</Filter>
    </ClCompile>
    <ClCompile Include="boehmgcinterface.cpp">
      <Filter>Runtime</Filter>
    </ClCompile>
    <ClCompile Include="NomLambda.cpp">
      <Filter>Intermediate Representation</Filter>
    </ClCompile>
    <ClCompile Include="instructions\CreateClosure.cpp">
      <Filter>Instructions</Filter>
    </ClCompile>
    <ClCompile Include="RTLambda.cpp">
      <Filter>Runtime Data</Filter>
    </ClCompile>
    <ClCompile Include="LambdaHeader.cpp">
      <Filter>Runtime Data</Filter>
    </ClCompile>
    <ClCompile Include="RefValueHeader.cpp">
      <Filter>Runtime Data</Filter>
    </ClCompile>
    <ClCompile Include="RTInterface.cpp">
      <Filter>Runtime Data</Filter>
    </ClCompile>
    <ClCompile Include="NomDynamicType.cpp">
      <Filter>Intermediate Representation</Filter>
    </ClCompile>
    <ClCompile Include="RTVTable.cpp">
      <Filter>Runtime Data</Filter>
    </ClCompile>
    <ClCompile Include="PartialAppHeader.cpp">
      <Filter>Runtime Data</Filter>
    </ClCompile>
    <ClCompile Include="NomMethodTableEntry.cpp">
      <Filter>Intermediate Representation</Filter>
    </ClCompile>
    <ClCompile Include="NomCallableVersion.cpp">
      <Filter>Intermediate Representation</Filter>
    </ClCompile>
    <ClCompile Include="RTDynamicType.cpp">
      <Filter>Runtime Data</Filter>
    </ClCompile>
    <ClCompile Include="RTSignature.cpp">
      <Filter>Runtime Data</Filter>
    </ClCompile>
    <ClCompile Include="RTFunctionalInterface.cpp">
      <Filter>Runtime Data</Filter>
    </ClCompile>
    <ClCompile Include="RTLambdaInterface.cpp">
      <Filter>Runtime Data</Filter>
    </ClCompile>
    <ClCompile Include="CastStats.cpp">
      <Filter>Runtime</Filter>
    </ClCompile>
    <ClCompile Include="RTCast.cpp">
      <Filter>Runtime</Filter>
    </ClCompile>
    <ClCompile Include="NomStruct.cpp">
      <Filter>Intermediate Representation</Filter>
    </ClCompile>
    <ClCompile Include="NomStructMethod.cpp">
      <Filter>Intermediate Representation</Filter>
    </ClCompile>
    <ClCompile Include="StructHeader.cpp">
      <Filter>Runtime Data</Filter>
    </ClCompile>
    <ClCompile Include="instructions\ConstructStruct.cpp">
      <Filter>Instructions</Filter>
    </ClCompile>
    <ClCompile Include="RTTypeEq.cpp">
      <Filter>Runtime</Filter>
    </ClCompile>
    <ClCompile Include="instructions\LoadBoolConstantInstruction.cpp">
      <Filter>Instructions</Filter>
    </ClCompile>
    <ClCompile Include="instructions\ErrorInstruction.cpp">
      <Filter>Instructions</Filter>
    </ClCompile>
    <ClCompile Include="RTGeneralInterface.cpp">
      <Filter>Runtime Data</Filter>
    </ClCompile>
    <ClCompile Include="RTStructInterface.cpp">
      <Filter>Runtime Data</Filter>
    </ClCompile>
    <ClCompile Include="instructions\RTCmdInstruction.cpp">
      <Filter>Instructions</Filter>
    </ClCompile>
    <ClCompile Include="RTConfig.cpp">
      <Filter>Runtime</Filter>
    </ClCompile>
    <ClCompile Include="NomSubstitutionContext.cpp">
      <Filter>Intermediate Representation</Filter>
    </ClCompile>
    <ClCompile Include="IComparableInterface.cpp">
      <Filter>Library</Filter>
    </ClCompile>
    <ClCompile Include="NomTypeParameter.cpp">
      <Filter>Intermediate Representation</Filter>
    </ClCompile>
    <ClCompile Include="NomSubstitutionStack.cpp">
      <Filter>Intermediate Representation</Filter>
    </ClCompile>
    <ClCompile Include="IPairInterface.cpp">
      <Filter>Library</Filter>
    </ClCompile>
    <ClCompile Include="NomValuePrimitiveCases.cpp">
      <Filter>Intermediate Representation</Filter>
    </ClCompile>
    <ClCompile Include="LoadFloatConstantInstruction.cpp">
      <Filter>Instructions</Filter>
    </ClCompile>
    <ClCompile Include="FunctionTimings.cpp">
      <Filter>Runtime</Filter>
    </ClCompile>
    <ClCompile Include="IMT.cpp">
      <Filter>Runtime Data</Filter>
    </ClCompile>
    <ClCompile Include="RTMulticastedInterface.cpp">
      <Filter>Runtime Data</Filter>
    </ClCompile>
    <ClCompile Include="ArrayListClass.cpp">
      <Filter>Library</Filter>
    </ClCompile>
    <ClCompile Include="IEnumeratorInterface.cpp">
      <Filter>Library</Filter>
    </ClCompile>
    <ClCompile Include="IEnumerableInterface.cpp">
      <Filter>Library</Filter>
    </ClCompile>
    <ClCompile Include="MathClass.cpp">
      <Filter>Library</Filter>
    </ClCompile>
    <ClCompile Include="RangeClass.cpp">
      <Filter>Library</Filter>
    </ClCompile>
    <ClCompile Include="Manifest.cpp">
      <Filter>Parse</Filter>
    </ClCompile>
    <ClCompile Include="NomMaybeType.cpp">
      <Filter>Intermediate Representation</Filter>
    </ClCompile>
    <ClCompile Include="RTMaybeType.cpp">
      <Filter>Runtime Data</Filter>
    </ClCompile>
    <ClCompile Include="LoadNullConstantInstruction.cpp">
      <Filter>Instructions</Filter>
    </ClCompile>
    <ClCompile Include="UnaryOpInstruction.cpp">
      <Filter>Instructions</Filter>
    </ClCompile>
    <ClCompile Include="NomMethodKey.cpp">
      <Filter>Intermediate Representation</Filter>
    </ClCompile>
    <ClCompile Include="NomBuilder.cpp">
      <Filter>Source Files</Filter>
    </ClCompile>
    <ClCompile Include="SourcePos.cpp">
      <Filter>Source Files</Filter>
    </ClCompile>
    <ClCompile Include="RTConcreteType.cpp">
      <Filter>Runtime Data</Filter>
    </ClCompile>
    <ClCompile Include="NomTopType.cpp">
      <Filter>Intermediate Representation</Filter>
    </ClCompile>
    <ClCompile Include="EnsureCheckedMethodInstruction.cpp">
      <Filter>Instructions</Filter>
    </ClCompile>
    <ClCompile Include="RTStructuralVTable.cpp">
      <Filter>Runtime Data</Filter>
    </ClCompile>
    <ClCompile Include="EnsureDynamicMethodInstruction.cpp">
      <Filter>Instructions</Filter>
    </ClCompile>
    <ClCompile Include="StructuralValueHeader.cpp">
      <Filter>Runtime Data</Filter>
    </ClCompile>
    <ClCompile Include="RTSTable.cpp">
      <Filter>Runtime Data</Filter>
    </ClCompile>
    <ClCompile Include="Metadata.cpp">
      <Filter>Common</Filter>
    </ClCompile>
    <ClCompile Include="RTSubstStack.cpp">
      <Filter>Runtime</Filter>
    </ClCompile>
  </ItemGroup>
  <ItemGroup>
    <ClInclude Include="resource.h">
      <Filter>Header Files</Filter>
    </ClInclude>
    <ClInclude Include="Instructions.h">
      <Filter>Instructions</Filter>
    </ClInclude>
    <ClInclude Include="instructions\ArgumentInstruction.h">
      <Filter>Instructions</Filter>
    </ClInclude>
    <ClInclude Include="instructions\LoadStringConstantInstruction.h">
      <Filter>Instructions</Filter>
    </ClInclude>
    <ClInclude Include="instructions\CallCheckedInstanceMethod.h">
      <Filter>Instructions</Filter>
    </ClInclude>
    <ClInclude Include="instructions\ReturnInstruction.h">
      <Filter>Instructions</Filter>
    </ClInclude>
    <ClInclude Include="instructions\PhiNode.h">
      <Filter>Instructions</Filter>
    </ClInclude>
    <ClInclude Include="NomValueInstruction.h">
      <Filter>Instructions</Filter>
    </ClInclude>
    <ClInclude Include="instructions\NoopInstruction.h">
      <Filter>Instructions</Filter>
    </ClInclude>
    <ClInclude Include="NomInstruction.h">
      <Filter>Instructions</Filter>
    </ClInclude>
    <ClInclude Include="instructions\CallCheckedStaticMethod.h">
      <Filter>Instructions</Filter>
    </ClInclude>
    <ClInclude Include="Util.h">
      <Filter>Common</Filter>
    </ClInclude>
    <ClInclude Include="variant.h">
      <Filter>Common</Filter>
    </ClInclude>
    <ClInclude Include="TypeList.h">
      <Filter>Common</Filter>
    </ClInclude>
    <ClInclude Include="StringClass.h">
      <Filter>Library</Filter>
    </ClInclude>
    <ClInclude Include="SmallMap.h">
      <Filter>Common</Filter>
    </ClInclude>
    <ClInclude Include="Runtime.h">
      <Filter>Runtime</Filter>
    </ClInclude>
    <ClInclude Include="RecursionBuffer.h">
      <Filter>Common</Filter>
    </ClInclude>
    <ClInclude Include="ObjectClass.h">
      <Filter>Library</Filter>
    </ClInclude>
    <ClInclude Include="NullClass.h">
      <Filter>Library</Filter>
    </ClInclude>
    <ClInclude Include="NomVMInterface.h">
      <Filter>Runtime</Filter>
    </ClInclude>
    <ClInclude Include="NomRuntime.h">
      <Filter>Runtime</Filter>
    </ClInclude>
    <ClInclude Include="NomJIT.h">
      <Filter>Runtime</Filter>
    </ClInclude>
    <ClInclude Include="NomAlloc.h">
      <Filter>Runtime</Filter>
    </ClInclude>
    <ClInclude Include="NomClass.h">
      <Filter>Intermediate Representation</Filter>
    </ClInclude>
    <ClInclude Include="NomClassType.h">
      <Filter>Intermediate Representation</Filter>
    </ClInclude>
    <ClInclude Include="NomInstantiationRef.h">
      <Filter>Intermediate Representation</Filter>
    </ClInclude>
    <ClInclude Include="NomInterface.h">
      <Filter>Intermediate Representation</Filter>
    </ClInclude>
    <ClInclude Include="NomMethod.h">
      <Filter>Intermediate Representation</Filter>
    </ClInclude>
    <ClInclude Include="NomModule.h">
      <Filter>Intermediate Representation</Filter>
    </ClInclude>
    <ClInclude Include="NomNamed.h">
      <Filter>Intermediate Representation</Filter>
    </ClInclude>
    <ClInclude Include="NomStaticMethod.h">
      <Filter>Intermediate Representation</Filter>
    </ClInclude>
    <ClInclude Include="NomString.h">
      <Filter>Intermediate Representation</Filter>
    </ClInclude>
    <ClInclude Include="NomType.h">
      <Filter>Intermediate Representation</Filter>
    </ClInclude>
    <ClInclude Include="NomTypeVar.h">
      <Filter>Intermediate Representation</Filter>
    </ClInclude>
    <ClInclude Include="NomConstants.h">
      <Filter>Intermediate Representation</Filter>
    </ClInclude>
    <ClInclude Include="BoehmUncollectableAllocator.h">
      <Filter>Runtime</Filter>
    </ClInclude>
    <ClInclude Include="BoehmAllocator.h">
      <Filter>Runtime</Filter>
    </ClInclude>
    <ClInclude Include="BoehmAtomicAllocator.h">
      <Filter>Runtime</Filter>
    </ClInclude>
    <ClInclude Include="CompileEnv.h">
      <Filter>Common</Filter>
    </ClInclude>
    <ClInclude Include="ClassTypeList.h">
      <Filter>Common</Filter>
    </ClInclude>
    <ClInclude Include="Context.h">
      <Filter>Common</Filter>
    </ClInclude>
    <ClInclude Include="Defs.h">
      <Filter>Common</Filter>
    </ClInclude>
    <ClInclude Include="Iter.h">
      <Filter>Common</Filter>
    </ClInclude>
    <ClInclude Include="instructions\CallDispatchBestMethod.h">
      <Filter>Instructions</Filter>
    </ClInclude>
    <ClInclude Include="BytecodeReader.h">
      <Filter>Parse</Filter>
    </ClInclude>
    <ClInclude Include="CharStream.h">
      <Filter>Common</Filter>
    </ClInclude>
    <ClInclude Include="ManifestReader.h">
      <Filter>Parse</Filter>
    </ClInclude>
    <ClInclude Include="AssemblyUnit.h">
      <Filter>Intermediate Representation</Filter>
    </ClInclude>
    <ClInclude Include="NomProgram.h">
      <Filter>Intermediate Representation</Filter>
    </ClInclude>
    <ClInclude Include="Loader.h">
      <Filter>Parse</Filter>
    </ClInclude>
    <ClInclude Include="LibraryVersion.h">
      <Filter>Parse</Filter>
    </ClInclude>
    <ClInclude Include="Library.h">
      <Filter>Parse</Filter>
    </ClInclude>
    <ClInclude Include="LibraryDependency.h">
      <Filter>Parse</Filter>
    </ClInclude>
    <ClInclude Include="VersionNumber.h">
      <Filter>Parse</Filter>
    </ClInclude>
    <ClInclude Include="NomCallable.h">
      <Filter>Intermediate Representation</Filter>
    </ClInclude>
    <ClInclude Include="LibrarySource.h">
      <Filter>Parse</Filter>
    </ClInclude>
    <ClInclude Include="Maybe.h">
      <Filter>Header Files</Filter>
    </ClInclude>
    <ClInclude Include="ComponentSource.h">
      <Filter>Parse</Filter>
    </ClInclude>
    <ClInclude Include="StringDict.h">
      <Filter>Common</Filter>
    </ClInclude>
    <ClInclude Include="Directory.h">
      <Filter>FileSystem</Filter>
    </ClInclude>
    <ClInclude Include="File.h">
      <Filter>FileSystem</Filter>
    </ClInclude>
    <ClInclude Include="Path.h">
      <Filter>FileSystem</Filter>
    </ClInclude>
    <ClInclude Include="Managed.h">
      <Filter>Common</Filter>
    </ClInclude>
    <ClInclude Include="instructions\DebugInstruction.h">
      <Filter>Instructions</Filter>
    </ClInclude>
    <ClInclude Include="instructions\ReturnVoidInstruction.h">
      <Filter>Instructions</Filter>
    </ClInclude>
    <ClInclude Include="VoidClass.h">
      <Filter>Library</Filter>
    </ClInclude>
    <ClInclude Include="instructions\LoadIntConstantInstruction.h">
      <Filter>Instructions</Filter>
    </ClInclude>
    <ClInclude Include="instructions\BinOpInstruction.h">
      <Filter>Instructions</Filter>
    </ClInclude>
    <ClInclude Include="BoolClass.h">
      <Filter>Library</Filter>
    </ClInclude>
    <ClInclude Include="FloatClass.h">
      <Filter>Library</Filter>
    </ClInclude>
    <ClInclude Include="IntClass.h">
      <Filter>Library</Filter>
    </ClInclude>
    <ClInclude Include="NomConstructor.h">
      <Filter>Intermediate Representation</Filter>
    </ClInclude>
    <ClInclude Include="RTTypeVar.h">
      <Filter>Runtime Data</Filter>
    </ClInclude>
    <ClInclude Include="RTTypes.h">
      <Filter>Runtime Data</Filter>
    </ClInclude>
    <ClInclude Include="RTModule.h">
      <Filter>Runtime Data</Filter>
    </ClInclude>
    <ClInclude Include="RTClassType.h">
      <Filter>Runtime Data</Filter>
    </ClInclude>
    <ClInclude Include="RTClass.h">
      <Filter>Runtime Data</Filter>
    </ClInclude>
    <ClInclude Include="ObjectHeader.h">
      <Filter>Runtime Data</Filter>
    </ClInclude>
    <ClInclude Include="RTInterfaceTableEntry.h">
      <Filter>Runtime Data</Filter>
    </ClInclude>
    <ClInclude Include="DispatchDictionaryEntry.h">
      <Filter>Header Files</Filter>
    </ClInclude>
    <ClInclude Include="ARTRep.h">
      <Filter>Runtime Data</Filter>
    </ClInclude>
    <ClInclude Include="NomBottomType.h">
      <Filter>Intermediate Representation</Filter>
    </ClInclude>
    <ClInclude Include="BoehmContainers.h">
      <Filter>Runtime</Filter>
    </ClInclude>
    <ClInclude Include="NomTypeRegistry.h">
      <Filter>Runtime</Filter>
    </ClInclude>
    <ClInclude Include="AvailableExternally.h">
      <Filter>Intermediate Representation</Filter>
    </ClInclude>
    <ClInclude Include="RTTypeHead.h">
      <Filter>Runtime Data</Filter>
    </ClInclude>
    <ClInclude Include="NomMemberContext.h">
      <Filter>Intermediate Representation</Filter>
    </ClInclude>
    <ClInclude Include="RTSubtyping.h">
      <Filter>Runtime</Filter>
    </ClInclude>
    <ClInclude Include="GloballyNamed.h">
      <Filter>Intermediate Representation</Filter>
    </ClInclude>
    <ClInclude Include="NomValue.h">
      <Filter>Intermediate Representation</Filter>
    </ClInclude>
    <ClInclude Include="NomTypeVarValue.h">
      <Filter>Intermediate Representation</Filter>
    </ClInclude>
    <ClInclude Include="NomTypeDecls.h">
      <Filter>Intermediate Representation</Filter>
    </ClInclude>
    <ClInclude Include="instructions\CallConstructor.h">
      <Filter>Instructions</Filter>
    </ClInclude>
    <ClInclude Include="instructions\WriteFieldInstruction.h">
      <Filter>Instructions</Filter>
    </ClInclude>
    <ClInclude Include="instructions\ReadFieldInstruction.h">
      <Filter>Instructions</Filter>
    </ClInclude>
    <ClInclude Include="NomField.h">
      <Filter>Intermediate Representation</Filter>
    </ClInclude>
    <ClInclude Include="instructions\CastInstruction.h">
      <Filter>Instructions</Filter>
    </ClInclude>
    <ClInclude Include="pugixml\pugiconfig.hpp">
      <Filter>Header Files</Filter>
    </ClInclude>
    <ClInclude Include="pugixml\pugixml.hpp">
      <Filter>Header Files</Filter>
    </ClInclude>
    <ClInclude Include="FileSysDefs.h">
      <Filter>FileSystem</Filter>
    </ClInclude>
    <ClInclude Include="NomJITLight.h">
      <Filter>Runtime</Filter>
    </ClInclude>
    <ClInclude Include="GlobalNameAddressLookupList.h">
      <Filter>Common</Filter>
    </ClInclude>
    <ClInclude Include="instructions\CondBranchInstruction.h">
      <Filter>Instructions</Filter>
    </ClInclude>
    <ClInclude Include="TypeOperations.h">
      <Filter>Common</Filter>
    </ClInclude>
    <ClInclude Include="FunInterface.h">
      <Filter>Library</Filter>
    </ClInclude>
    <ClInclude Include="instructions\BranchInstruction.h">
      <Filter>Instructions</Filter>
    </ClInclude>
    <ClInclude Include="NomSignature.h">
      <Filter>Intermediate Representation</Filter>
    </ClInclude>
    <ClInclude Include="BytecodeTopReadHandler.h">
      <Filter>Parse</Filter>
    </ClInclude>
    <ClInclude Include="InstructionMessages.h">
      <Filter>Flagheaders</Filter>
    </ClInclude>
    <ClInclude Include="TimerClass.h">
      <Filter>Library</Filter>
    </ClInclude>
    <ClInclude Include="gcinclude_config.h">
      <Filter>Runtime</Filter>
    </ClInclude>
    <ClInclude Include="NomNameRepository.h">
      <Filter>Intermediate Representation</Filter>
    </ClInclude>
    <ClInclude Include="CompileHelpers.h">
      <Filter>Common</Filter>
    </ClInclude>
    <ClInclude Include="RTInstanceType.h">
      <Filter>Runtime Data</Filter>
    </ClInclude>
    <ClInclude Include="RTDisjointness.h">
      <Filter>Runtime</Filter>
    </ClInclude>
    <ClInclude Include="RTFilterInstantiations.h">
      <Filter>Runtime</Filter>
    </ClInclude>
    <ClInclude Include="RTOutput.h">
      <Filter>Runtime</Filter>
    </ClInclude>
    <ClInclude Include="Singleton.h">
      <Filter>Common</Filter>
    </ClInclude>
    <ClInclude Include="ExpandoObjectClass.h">
      <Filter>Library</Filter>
    </ClInclude>
    <ClInclude Include="RTStructType.h">
      <Filter>Runtime Data</Filter>
    </ClInclude>
    <ClInclude Include="RTPartialAppType.h">
      <Filter>Runtime Data</Filter>
    </ClInclude>
    <ClInclude Include="NomPartialAppType.h">
      <Filter>Intermediate Representation</Filter>
    </ClInclude>
    <ClInclude Include="NomStructType.h">
      <Filter>Intermediate Representation</Filter>
    </ClInclude>
    <ClInclude Include="RTDictionary.h">
      <Filter>Runtime</Filter>
    </ClInclude>
    <ClInclude Include="RTPartialApp.h">
      <Filter>Runtime Data</Filter>
    </ClInclude>
    <ClInclude Include="RTDescriptor.h">
      <Filter>Runtime Data</Filter>
    </ClInclude>
    <ClInclude Include="NomPartialApplication.h">
      <Filter>Intermediate Representation</Filter>
    </ClInclude>
    <ClInclude Include="PreparedDictionary.h">
      <Filter>Intermediate Representation</Filter>
    </ClInclude>
    <ClInclude Include="NomDescriptor.h">
      <Filter>Intermediate Representation</Filter>
    </ClInclude>
    <ClInclude Include="RTStruct.h">
      <Filter>Runtime Data</Filter>
    </ClInclude>
    <ClInclude Include="boehmgcinterface.h">
      <Filter>Runtime</Filter>
    </ClInclude>
    <ClInclude Include="NomLambda.h">
      <Filter>Intermediate Representation</Filter>
    </ClInclude>
    <ClInclude Include="instructions\CreateClosure.h">
      <Filter>Instructions</Filter>
    </ClInclude>
    <ClInclude Include="RTLambda.h">
      <Filter>Runtime Data</Filter>
    </ClInclude>
    <ClInclude Include="LambdaHeader.h">
      <Filter>Runtime Data</Filter>
    </ClInclude>
    <ClInclude Include="RefValueHeader.h">
      <Filter>Runtime Data</Filter>
    </ClInclude>
    <ClInclude Include="RTInterface.h">
      <Filter>Runtime Data</Filter>
    </ClInclude>
    <ClInclude Include="NomDynamicType.h">
      <Filter>Intermediate Representation</Filter>
    </ClInclude>
    <ClInclude Include="RTVTable.h">
      <Filter>Runtime Data</Filter>
    </ClInclude>
    <ClInclude Include="PartialAppHeader.h">
      <Filter>Runtime Data</Filter>
    </ClInclude>
    <ClInclude Include="NomMethodTableEntry.h">
      <Filter>Intermediate Representation</Filter>
    </ClInclude>
    <ClInclude Include="NomCallableVersion.h">
      <Filter>Intermediate Representation</Filter>
    </ClInclude>
    <ClInclude Include="RTDynamicType.h">
      <Filter>Runtime Data</Filter>
    </ClInclude>
    <ClInclude Include="RTSignature.h">
      <Filter>Runtime Data</Filter>
    </ClInclude>
    <ClInclude Include="RTFunctionalInterface.h">
      <Filter>Runtime Data</Filter>
    </ClInclude>
    <ClInclude Include="RTLambdaInterface.h">
      <Filter>Runtime Data</Filter>
    </ClInclude>
    <ClInclude Include="ConfigurationConstants.h">
      <Filter>Common</Filter>
    </ClInclude>
    <ClInclude Include="CastStats.h">
      <Filter>Runtime</Filter>
    </ClInclude>
    <ClInclude Include="RTCast.h">
      <Filter>Runtime</Filter>
    </ClInclude>
    <ClInclude Include="NomStruct.h">
      <Filter>Intermediate Representation</Filter>
    </ClInclude>
    <ClInclude Include="NomStructMethod.h">
      <Filter>Intermediate Representation</Filter>
    </ClInclude>
    <ClInclude Include="StructHeader.h">
      <Filter>Runtime Data</Filter>
    </ClInclude>
    <ClInclude Include="instructions\ConstructStruct.h">
      <Filter>Instructions</Filter>
    </ClInclude>
    <ClInclude Include="RTTypeEq.h">
      <Filter>Runtime</Filter>
    </ClInclude>
    <ClInclude Include="instructions\LoadBoolConstantInstruction.h">
      <Filter>Instructions</Filter>
    </ClInclude>
    <ClInclude Include="instructions\ErrorInstruction.h">
      <Filter>Instructions</Filter>
    </ClInclude>
    <ClInclude Include="RTGeneralInterface.h">
      <Filter>Runtime Data</Filter>
    </ClInclude>
    <ClInclude Include="RTStructInterface.h">
      <Filter>Runtime Data</Filter>
    </ClInclude>
    <ClInclude Include="instructions\RTCmdInstruction.h">
      <Filter>Instructions</Filter>
    </ClInclude>
    <ClInclude Include="RTConfig.h">
      <Filter>Runtime</Filter>
    </ClInclude>
    <ClInclude Include="DLLExport.h">
      <Filter>Common</Filter>
    </ClInclude>
    <ClInclude Include="NomSubstitutionContext.h">
      <Filter>Intermediate Representation</Filter>
    </ClInclude>
    <ClInclude Include="IComparableInterface.h">
      <Filter>Library</Filter>
    </ClInclude>
    <ClInclude Include="NomTypeParameter.h">
      <Filter>Intermediate Representation</Filter>
    </ClInclude>
    <ClInclude Include="NomSubstitutionStack.h">
      <Filter>Intermediate Representation</Filter>
    </ClInclude>
    <ClInclude Include="IPairInterface.h">
      <Filter>Library</Filter>
    </ClInclude>
    <ClInclude Include="NomValuePrimitiveCases.h">
      <Filter>Intermediate Representation</Filter>
    </ClInclude>
    <ClInclude Include="LoadFloatConstantInstruction.h">
      <Filter>Instructions</Filter>
    </ClInclude>
    <ClInclude Include="FunctionTimings.h">
      <Filter>Runtime</Filter>
    </ClInclude>
    <ClInclude Include="CallingConvConf.h">
      <Filter>Common</Filter>
    </ClInclude>
    <ClInclude Include="IMT.h">
      <Filter>Runtime Data</Filter>
    </ClInclude>
    <ClInclude Include="RTMulticastedInterface.h">
      <Filter>Runtime Data</Filter>
    </ClInclude>
    <ClInclude Include="ArrayListClass.h">
      <Filter>Library</Filter>
    </ClInclude>
    <ClInclude Include="IEnumerableInterface.h">
      <Filter>Library</Filter>
    </ClInclude>
    <ClInclude Include="IEnumeratorInterface.h">
      <Filter>Library</Filter>
    </ClInclude>
    <ClInclude Include="MathClass.h">
      <Filter>Library</Filter>
    </ClInclude>
    <ClInclude Include="RangeClass.h">
      <Filter>Library</Filter>
    </ClInclude>
    <ClInclude Include="Manifest.h">
      <Filter>Parse</Filter>
    </ClInclude>
    <ClInclude Include="NomMaybeType.h">
      <Filter>Intermediate Representation</Filter>
    </ClInclude>
    <ClInclude Include="RTMaybeType.h">
      <Filter>Runtime Data</Filter>
    </ClInclude>
    <ClInclude Include="LoadNullConstantInstruction.h">
      <Filter>Instructions</Filter>
    </ClInclude>
    <ClInclude Include="UnaryOpInstruction.h">
      <Filter>Instructions</Filter>
    </ClInclude>
    <ClInclude Include="RTCompileConfig.h">
      <Filter>Runtime</Filter>
    </ClInclude>
    <ClInclude Include="RawInvoke.h">
      <Filter>Runtime Data</Filter>
    </ClInclude>
    <ClInclude Include="NomMethodKey.h">
      <Filter>Intermediate Representation</Filter>
    </ClInclude>
    <ClInclude Include="NomBuilder.h">
      <Filter>Header Files</Filter>
    </ClInclude>
    <ClInclude Include="SourcePos.h">
      <Filter>Header Files</Filter>
    </ClInclude>
    <ClInclude Include="RTConcreteType.h">
      <Filter>Runtime Data</Filter>
    </ClInclude>
    <ClInclude Include="NomTopType.h">
      <Filter>Intermediate Representation</Filter>
    </ClInclude>
    <ClInclude Include="EnsureCheckedMethodInstruction.h">
      <Filter>Instructions</Filter>
    </ClInclude>
    <ClInclude Include="RTStructuralVTable.h">
      <Filter>Runtime Data</Filter>
    </ClInclude>
    <ClInclude Include="EnsureDynamicMethodInstruction.h">
      <Filter>Instructions</Filter>
    </ClInclude>
    <ClInclude Include="StructuralValueHeader.h">
      <Filter>Runtime Data</Filter>
    </ClInclude>
    <ClInclude Include="RTSTable.h">
      <Filter>Runtime Data</Filter>
    </ClInclude>
    <ClInclude Include="Metadata.h">
      <Filter>Common</Filter>
    </ClInclude>
    <ClInclude Include="RTSubstStack.h">
      <Filter>Runtime</Filter>
    </ClInclude>
  </ItemGroup>
  <ItemGroup>
    <ResourceCompile Include="Runtime.rc">
      <Filter>Resource Files</Filter>
    </ResourceCompile>
  </ItemGroup>
</Project>